// !$*UTF8*$!
{
	archiveVersion = 1;
	classes = {
	};
	objectVersion = 45;
	objects = {

/* Begin PBXBuildFile section */
		8DD76F6A0486A84900D96B5E /* psd_tool.1 in CopyFiles */ = {isa = PBXBuildFile; fileRef = C6859E8B029090EE04C91782 /* psd_tool.1 */; };
		C2A09EE712F6F55C0078F4E7 /* main.cpp in Sources */ = {isa = PBXBuildFile; fileRef = C2A09EE612F6F55C0078F4E7 /* main.cpp */; };
		FE941D021331536600515418 /* CommandLineParser.cpp in Sources */ = {isa = PBXBuildFile; fileRef = FE941D001331536600515418 /* CommandLineParser.cpp */; };
/* End PBXBuildFile section */

/* Begin PBXCopyFilesBuildPhase section */
		8DD76F690486A84900D96B5E /* CopyFiles */ = {
			isa = PBXCopyFilesBuildPhase;
			buildActionMask = 8;
			dstPath = /usr/share/man/man1/;
			dstSubfolderSpec = 0;
			files = (
				8DD76F6A0486A84900D96B5E /* psd_tool.1 in CopyFiles */,
			);
			runOnlyForDeploymentPostprocessing = 1;
		};
/* End PBXCopyFilesBuildPhase section */

/* Begin PBXFileReference section */
		8DD76F6C0486A84900D96B5E /* psd_tool */ = {isa = PBXFileReference; explicitFileType = "compiled.mach-o.executable"; includeInIndex = 0; path = psd_tool; sourceTree = BUILT_PRODUCTS_DIR; };
		C2A09EE612F6F55C0078F4E7 /* main.cpp */ = {isa = PBXFileReference; fileEncoding = 4; lastKnownFileType = sourcecode.cpp.cpp; path = main.cpp; sourceTree = "<group>"; };
		C6859E8B029090EE04C91782 /* psd_tool.1 */ = {isa = PBXFileReference; lastKnownFileType = text.man; path = psd_tool.1; sourceTree = "<group>"; };
		FE941D001331536600515418 /* CommandLineParser.cpp */ = {isa = PBXFileReference; fileEncoding = 4; lastKnownFileType = sourcecode.cpp.cpp; path = CommandLineParser.cpp; sourceTree = "<group>"; };
		FE941D011331536600515418 /* CommandLineParser.h */ = {isa = PBXFileReference; fileEncoding = 4; lastKnownFileType = sourcecode.c.h; path = CommandLineParser.h; sourceTree = "<group>"; };
/* End PBXFileReference section */

/* Begin PBXFrameworksBuildPhase section */
		8DD76F660486A84900D96B5E /* Frameworks */ = {
			isa = PBXFrameworksBuildPhase;
			buildActionMask = 2147483647;
			files = (
			);
			runOnlyForDeploymentPostprocessing = 0;
		};
/* End PBXFrameworksBuildPhase section */

/* Begin PBXGroup section */
		08FB7794FE84155DC02AAC07 /* psd_tool */ = {
			isa = PBXGroup;
			children = (
				08FB7795FE84155DC02AAC07 /* Source */,
				C6859E8C029090F304C91782 /* Documentation */,
				1AB674ADFE9D54B511CA2CBB /* Products */,
			);
			name = psd_tool;
			sourceTree = "<group>";
		};
		08FB7795FE84155DC02AAC07 /* Source */ = {
			isa = PBXGroup;
			children = (
				C2A09EE512F6F55C0078F4E7 /* src */,
			);
			name = Source;
			sourceTree = "<group>";
		};
		1AB674ADFE9D54B511CA2CBB /* Products */ = {
			isa = PBXGroup;
			children = (
				8DD76F6C0486A84900D96B5E /* psd_tool */,
			);
			name = Products;
			sourceTree = "<group>";
		};
		C2A09EE512F6F55C0078F4E7 /* src */ = {
			isa = PBXGroup;
			children = (
				FE941D001331536600515418 /* CommandLineParser.cpp */,
				FE941D011331536600515418 /* CommandLineParser.h */,
				C2A09EE612F6F55C0078F4E7 /* main.cpp */,
			);
			name = src;
			path = ../../src;
			sourceTree = SOURCE_ROOT;
		};
		C6859E8C029090F304C91782 /* Documentation */ = {
			isa = PBXGroup;
			children = (
				C6859E8B029090EE04C91782 /* psd_tool.1 */,
			);
			name = Documentation;
			sourceTree = "<group>";
		};
/* End PBXGroup section */

/* Begin PBXNativeTarget section */
		8DD76F620486A84900D96B5E /* psd_tool */ = {
			isa = PBXNativeTarget;
			buildConfigurationList = 1DEB923108733DC60010E9CD /* Build configuration list for PBXNativeTarget "psd_tool" */;
			buildPhases = (
				8DD76F640486A84900D96B5E /* Sources */,
				8DD76F660486A84900D96B5E /* Frameworks */,
				8DD76F690486A84900D96B5E /* CopyFiles */,
			);
			buildRules = (
			);
			dependencies = (
			);
			name = psd_tool;
			productInstallPath = "$(HOME)/bin";
			productName = psd_tool;
			productReference = 8DD76F6C0486A84900D96B5E /* psd_tool */;
			productType = "com.apple.product-type.tool";
		};
/* End PBXNativeTarget section */

/* Begin PBXProject section */
		08FB7793FE84155DC02AAC07 /* Project object */ = {
			isa = PBXProject;
			buildConfigurationList = 1DEB923508733DC60010E9CD /* Build configuration list for PBXProject "psd_tool" */;
			compatibilityVersion = "Xcode 3.1";
			developmentRegion = English;
			hasScannedForEncodings = 1;
			knownRegions = (
				English,
				Japanese,
				French,
				German,
			);
			mainGroup = 08FB7794FE84155DC02AAC07 /* psd_tool */;
			projectDirPath = "";
			projectRoot = "";
			targets = (
				8DD76F620486A84900D96B5E /* psd_tool */,
			);
		};
/* End PBXProject section */

/* Begin PBXSourcesBuildPhase section */
		8DD76F640486A84900D96B5E /* Sources */ = {
			isa = PBXSourcesBuildPhase;
			buildActionMask = 2147483647;
			files = (
				C2A09EE712F6F55C0078F4E7 /* main.cpp in Sources */,
				FE941D021331536600515418 /* CommandLineParser.cpp in Sources */,
			);
			runOnlyForDeploymentPostprocessing = 0;
		};
/* End PBXSourcesBuildPhase section */

/* Begin XCBuildConfiguration section */
		1DEB923208733DC60010E9CD /* Debug */ = {
			isa = XCBuildConfiguration;
			buildSettings = {
				ALWAYS_SEARCH_USER_PATHS = NO;
				COPY_PHASE_STRIP = NO;
				GCC_DYNAMIC_NO_PIC = NO;
				GCC_ENABLE_FIX_AND_CONTINUE = YES;
				GCC_MODEL_TUNING = G5;
				GCC_OPTIMIZATION_LEVEL = 0;
				GCC_PREPROCESSOR_DEFINITIONS = "";
				INSTALL_PATH = /usr/local/bin;
				OTHER_CPLUSPLUSFLAGS = (
					"-I/opt/local/include/ImageMagick",
					"-pipe",
					"-O2",
					"-D_THREAD_SAFE",
					"-pthread",
					"$(OTHER_CFLAGS)",
				);
				OTHER_LDFLAGS = (
					"-lMagick++",
					"-lMagickWand",
					"-lMagickCore",
					"-llcms",
					"-ltiff",
					"-lfreetype",
					"-ljpeg",
					"-lfftw3",
					"-L/opt/local/lib",
					"-lfontconfig",
					"-lexpat",
					"-lfreetype",
					"-lz",
					"-liconv",
					"-lXext",
					"-lSM",
					"-lICE",
					"-lX11",
					"-lXt",
					"-lbz2",
					"-lz",
					"-lm",
					"-lgomp",
					"-lclparser",
					"-Wl,-framework,OpenCL",
					"-L/System/Library/Frameworks/OpenCL.framework/Versions/A/Libraries",
					"-lm",
					"-lpthread",
					"-lltdl",
					"-L/opt/local/lib",
				);
				PRODUCT_NAME = psd_tool;
			};
			name = Debug;
		};
		1DEB923308733DC60010E9CD /* Release */ = {
			isa = XCBuildConfiguration;
			buildSettings = {
				ALWAYS_SEARCH_USER_PATHS = NO;
				DEBUG_INFORMATION_FORMAT = "dwarf-with-dsym";
				GCC_MODEL_TUNING = G5;
				GCC_PREPROCESSOR_DEFINITIONS = "";
				INSTALL_PATH = /usr/local/bin;
				OTHER_CPLUSPLUSFLAGS = (
					"-I/opt/local/include/ImageMagick",
					"-pipe",
					"-O2",
					"-D_THREAD_SAFE",
					"-pthread",
					"$(OTHER_CFLAGS)",
				);
				OTHER_LDFLAGS = (
					"-lMagick++",
					"-lMagickWand",
					"-lMagickCore",
					"-llcms",
					"-ltiff",
					"-lfreetype",
					"-ljpeg",
					"-lfftw3",
					"-L/opt/local/lib",
					"-lfontconfig",
					"-lexpat",
					"-lfreetype",
					"-lz",
					"-liconv",
					"-lXext",
					"-lSM",
					"-lICE",
					"-lX11",
					"-lXt",
					"-lbz2",
					"-lz",
					"-lm",
					"-lgomp",
					"-lclparser",
					"-Wl,-framework,OpenCL",
					"-L/System/Library/Frameworks/OpenCL.framework/Versions/A/Libraries",
					"-lm",
					"-lpthread",
					"-lltdl",
					"-L/opt/local/lib",
				);
				PRODUCT_NAME = psd_tool;
			};
			name = Release;
		};
		1DEB923608733DC60010E9CD /* Debug */ = {
			isa = XCBuildConfiguration;
			buildSettings = {
				ARCHS = "$(ARCHS_STANDARD_32_64_BIT)";
				GCC_C_LANGUAGE_STANDARD = gnu99;
				GCC_OPTIMIZATION_LEVEL = 0;
				GCC_WARN_ABOUT_RETURN_TYPE = YES;
				GCC_WARN_UNUSED_VARIABLE = YES;
				ONLY_ACTIVE_ARCH = YES;
				PREBINDING = NO;
				SDKROOT = macosx10.6;
			};
			name = Debug;
		};
		1DEB923708733DC60010E9CD /* Release */ = {
			isa = XCBuildConfiguration;
			buildSettings = {
				ARCHS = "$(ARCHS_STANDARD_32_64_BIT)";
				GCC_C_LANGUAGE_STANDARD = gnu99;
				GCC_WARN_ABOUT_RETURN_TYPE = YES;
				GCC_WARN_UNUSED_VARIABLE = YES;
				PREBINDING = NO;
				SDKROOT = macosx10.6;
			};
			name = Release;
		};
/* End XCBuildConfiguration section */

/* Begin XCConfigurationList section */
		1DEB923108733DC60010E9CD /* Build configuration list for PBXNativeTarget "psd_tool" */ = {
			isa = XCConfigurationList;
			buildConfigurations = (
				1DEB923208733DC60010E9CD /* Debug */,
				1DEB923308733DC60010E9CD /* Release */,
			);
			defaultConfigurationIsVisible = 0;
			defaultConfigurationName = Release;
		};
		1DEB923508733DC60010E9CD /* Build configuration list for PBXProject "psd_tool" */ = {
			isa = XCConfigurationList;
			buildConfigurations = (
				1DEB923608733DC60010E9CD /* Debug */,
				1DEB923708733DC60010E9CD /* Release */,
			);
			defaultConfigurationIsVisible = 0;
			defaultConfigurationName = Release;
		};
/* End XCConfigurationList section */
	};
	rootObject = 08FB7793FE84155DC02AAC07 /* Project object */;
}
