// !$*UTF8*$!
{
	archiveVersion = 1;
	classes = {
	};
	objectVersion = 46;
	objects = {

/* Begin PBXAggregateTarget section */
		5C36CAEE14520CFD00298B51 /* pnglib_ios */ = {
			isa = PBXAggregateTarget;
			buildConfigurationList = 5C36CAEF14520CFD00298B51 /* Build configuration list for PBXAggregateTarget "pnglib_ios" */;
			buildPhases = (
				5C36CAF214520D0800298B51 /* ShellScript */,
			);
			dependencies = (
			);
			name = pnglib_ios;
			productName = pnglib_ios;
		};
/* End PBXAggregateTarget section */

/* Begin PBXBuildFile section */
		5C36CABC14520BFD00298B51 /* config.h in Headers */ = {isa = PBXBuildFile; fileRef = 5C36CAA614520BFD00298B51 /* config.h */; };
		5C36CABD14520BFD00298B51 /* png.h in Headers */ = {isa = PBXBuildFile; fileRef = 5C36CAA714520BFD00298B51 /* png.h */; };
		5C36CABE14520BFD00298B51 /* pngconf.h in Headers */ = {isa = PBXBuildFile; fileRef = 5C36CAA814520BFD00298B51 /* pngconf.h */; };
		5C36CABF14520BFD00298B51 /* png.c in Sources */ = {isa = PBXBuildFile; fileRef = 5C36CAAA14520BFD00298B51 /* png.c */; };
		5C36CAC014520BFD00298B51 /* pngerror.c in Sources */ = {isa = PBXBuildFile; fileRef = 5C36CAAB14520BFD00298B51 /* pngerror.c */; };
		5C36CAC114520BFD00298B51 /* pnggccrd.c in Sources */ = {isa = PBXBuildFile; fileRef = 5C36CAAC14520BFD00298B51 /* pnggccrd.c */; };
		5C36CAC214520BFD00298B51 /* pngget.c in Sources */ = {isa = PBXBuildFile; fileRef = 5C36CAAD14520BFD00298B51 /* pngget.c */; };
		5C36CAC314520BFD00298B51 /* pngmem.c in Sources */ = {isa = PBXBuildFile; fileRef = 5C36CAAE14520BFD00298B51 /* pngmem.c */; };
		5C36CAC414520BFD00298B51 /* pngpread.c in Sources */ = {isa = PBXBuildFile; fileRef = 5C36CAAF14520BFD00298B51 /* pngpread.c */; };
		5C36CAC514520BFD00298B51 /* pngread.c in Sources */ = {isa = PBXBuildFile; fileRef = 5C36CAB014520BFD00298B51 /* pngread.c */; };
		5C36CAC614520BFD00298B51 /* pngrio.c in Sources */ = {isa = PBXBuildFile; fileRef = 5C36CAB114520BFD00298B51 /* pngrio.c */; };
		5C36CAC714520BFD00298B51 /* pngrtran.c in Sources */ = {isa = PBXBuildFile; fileRef = 5C36CAB214520BFD00298B51 /* pngrtran.c */; };
		5C36CAC814520BFD00298B51 /* pngrutil.c in Sources */ = {isa = PBXBuildFile; fileRef = 5C36CAB314520BFD00298B51 /* pngrutil.c */; };
		5C36CAC914520BFD00298B51 /* pngset.c in Sources */ = {isa = PBXBuildFile; fileRef = 5C36CAB414520BFD00298B51 /* pngset.c */; };
		5C36CACA14520BFD00298B51 /* pngtest.c in Sources */ = {isa = PBXBuildFile; fileRef = 5C36CAB514520BFD00298B51 /* pngtest.c */; };
		5C36CACB14520BFD00298B51 /* pngtrans.c in Sources */ = {isa = PBXBuildFile; fileRef = 5C36CAB614520BFD00298B51 /* pngtrans.c */; };
		5C36CACC14520BFD00298B51 /* pngvcrd.c in Sources */ = {isa = PBXBuildFile; fileRef = 5C36CAB714520BFD00298B51 /* pngvcrd.c */; };
		5C36CACD14520BFD00298B51 /* pngwio.c in Sources */ = {isa = PBXBuildFile; fileRef = 5C36CAB814520BFD00298B51 /* pngwio.c */; };
		5C36CACE14520BFD00298B51 /* pngwrite.c in Sources */ = {isa = PBXBuildFile; fileRef = 5C36CAB914520BFD00298B51 /* pngwrite.c */; };
		5C36CACF14520BFD00298B51 /* pngwtran.c in Sources */ = {isa = PBXBuildFile; fileRef = 5C36CABA14520BFD00298B51 /* pngwtran.c */; };
		5C36CAD014520BFD00298B51 /* pngwutil.c in Sources */ = {isa = PBXBuildFile; fileRef = 5C36CABB14520BFD00298B51 /* pngwutil.c */; };
		5C36CAD314520CB200298B51 /* png.c in Sources */ = {isa = PBXBuildFile; fileRef = 5C36CAAA14520BFD00298B51 /* png.c */; };
		5C36CAD414520CB200298B51 /* pngerror.c in Sources */ = {isa = PBXBuildFile; fileRef = 5C36CAAB14520BFD00298B51 /* pngerror.c */; };
		5C36CAD514520CB200298B51 /* pnggccrd.c in Sources */ = {isa = PBXBuildFile; fileRef = 5C36CAAC14520BFD00298B51 /* pnggccrd.c */; };
		5C36CAD614520CB200298B51 /* pngget.c in Sources */ = {isa = PBXBuildFile; fileRef = 5C36CAAD14520BFD00298B51 /* pngget.c */; };
		5C36CAD714520CB200298B51 /* pngmem.c in Sources */ = {isa = PBXBuildFile; fileRef = 5C36CAAE14520BFD00298B51 /* pngmem.c */; };
		5C36CAD814520CB200298B51 /* pngpread.c in Sources */ = {isa = PBXBuildFile; fileRef = 5C36CAAF14520BFD00298B51 /* pngpread.c */; };
		5C36CAD914520CB200298B51 /* pngread.c in Sources */ = {isa = PBXBuildFile; fileRef = 5C36CAB014520BFD00298B51 /* pngread.c */; };
		5C36CADA14520CB200298B51 /* pngrio.c in Sources */ = {isa = PBXBuildFile; fileRef = 5C36CAB114520BFD00298B51 /* pngrio.c */; };
		5C36CADB14520CB200298B51 /* pngrtran.c in Sources */ = {isa = PBXBuildFile; fileRef = 5C36CAB214520BFD00298B51 /* pngrtran.c */; };
		5C36CADC14520CB200298B51 /* pngrutil.c in Sources */ = {isa = PBXBuildFile; fileRef = 5C36CAB314520BFD00298B51 /* pngrutil.c */; };
		5C36CADD14520CB200298B51 /* pngset.c in Sources */ = {isa = PBXBuildFile; fileRef = 5C36CAB414520BFD00298B51 /* pngset.c */; };
		5C36CADE14520CB200298B51 /* pngtest.c in Sources */ = {isa = PBXBuildFile; fileRef = 5C36CAB514520BFD00298B51 /* pngtest.c */; };
		5C36CADF14520CB200298B51 /* pngtrans.c in Sources */ = {isa = PBXBuildFile; fileRef = 5C36CAB614520BFD00298B51 /* pngtrans.c */; };
		5C36CAE014520CB200298B51 /* pngvcrd.c in Sources */ = {isa = PBXBuildFile; fileRef = 5C36CAB714520BFD00298B51 /* pngvcrd.c */; };
		5C36CAE114520CB200298B51 /* pngwio.c in Sources */ = {isa = PBXBuildFile; fileRef = 5C36CAB814520BFD00298B51 /* pngwio.c */; };
		5C36CAE214520CB200298B51 /* pngwrite.c in Sources */ = {isa = PBXBuildFile; fileRef = 5C36CAB914520BFD00298B51 /* pngwrite.c */; };
		5C36CAE314520CB200298B51 /* pngwtran.c in Sources */ = {isa = PBXBuildFile; fileRef = 5C36CABA14520BFD00298B51 /* pngwtran.c */; };
		5C36CAE414520CB200298B51 /* pngwutil.c in Sources */ = {isa = PBXBuildFile; fileRef = 5C36CABB14520BFD00298B51 /* pngwutil.c */; };
		5C36CAE714520CB200298B51 /* config.h in Headers */ = {isa = PBXBuildFile; fileRef = 5C36CAA614520BFD00298B51 /* config.h */; };
		5C36CAE814520CB200298B51 /* png.h in Headers */ = {isa = PBXBuildFile; fileRef = 5C36CAA714520BFD00298B51 /* png.h */; };
		5C36CAE914520CB200298B51 /* pngconf.h in Headers */ = {isa = PBXBuildFile; fileRef = 5C36CAA814520BFD00298B51 /* pngconf.h */; };
/* End PBXBuildFile section */

/* Begin PBXFileReference section */
		5C36CA9414520B8A00298B51 /* libpnglib_iphone.a */ = {isa = PBXFileReference; explicitFileType = archive.ar; includeInIndex = 0; path = libpnglib_iphone.a; sourceTree = BUILT_PRODUCTS_DIR; };
		5C36CAA614520BFD00298B51 /* config.h */ = {isa = PBXFileReference; fileEncoding = 4; lastKnownFileType = sourcecode.c.h; path = config.h; sourceTree = "<group>"; };
		5C36CAA714520BFD00298B51 /* png.h */ = {isa = PBXFileReference; fileEncoding = 4; lastKnownFileType = sourcecode.c.h; path = png.h; sourceTree = "<group>"; };
		5C36CAA814520BFD00298B51 /* pngconf.h */ = {isa = PBXFileReference; fileEncoding = 4; lastKnownFileType = sourcecode.c.h; path = pngconf.h; sourceTree = "<group>"; };
		5C36CAAA14520BFD00298B51 /* png.c */ = {isa = PBXFileReference; fileEncoding = 4; lastKnownFileType = sourcecode.c.c; path = png.c; sourceTree = "<group>"; };
		5C36CAAB14520BFD00298B51 /* pngerror.c */ = {isa = PBXFileReference; fileEncoding = 4; lastKnownFileType = sourcecode.c.c; path = pngerror.c; sourceTree = "<group>"; };
		5C36CAAC14520BFD00298B51 /* pnggccrd.c */ = {isa = PBXFileReference; fileEncoding = 4; lastKnownFileType = sourcecode.c.c; path = pnggccrd.c; sourceTree = "<group>"; };
		5C36CAAD14520BFD00298B51 /* pngget.c */ = {isa = PBXFileReference; fileEncoding = 4; lastKnownFileType = sourcecode.c.c; path = pngget.c; sourceTree = "<group>"; };
		5C36CAAE14520BFD00298B51 /* pngmem.c */ = {isa = PBXFileReference; fileEncoding = 4; lastKnownFileType = sourcecode.c.c; path = pngmem.c; sourceTree = "<group>"; };
		5C36CAAF14520BFD00298B51 /* pngpread.c */ = {isa = PBXFileReference; fileEncoding = 4; lastKnownFileType = sourcecode.c.c; path = pngpread.c; sourceTree = "<group>"; };
		5C36CAB014520BFD00298B51 /* pngread.c */ = {isa = PBXFileReference; fileEncoding = 4; lastKnownFileType = sourcecode.c.c; path = pngread.c; sourceTree = "<group>"; };
		5C36CAB114520BFD00298B51 /* pngrio.c */ = {isa = PBXFileReference; fileEncoding = 4; lastKnownFileType = sourcecode.c.c; path = pngrio.c; sourceTree = "<group>"; };
		5C36CAB214520BFD00298B51 /* pngrtran.c */ = {isa = PBXFileReference; fileEncoding = 4; lastKnownFileType = sourcecode.c.c; path = pngrtran.c; sourceTree = "<group>"; };
		5C36CAB314520BFD00298B51 /* pngrutil.c */ = {isa = PBXFileReference; fileEncoding = 4; lastKnownFileType = sourcecode.c.c; path = pngrutil.c; sourceTree = "<group>"; };
		5C36CAB414520BFD00298B51 /* pngset.c */ = {isa = PBXFileReference; fileEncoding = 4; lastKnownFileType = sourcecode.c.c; path = pngset.c; sourceTree = "<group>"; };
		5C36CAB514520BFD00298B51 /* pngtest.c */ = {isa = PBXFileReference; fileEncoding = 4; lastKnownFileType = sourcecode.c.c; path = pngtest.c; sourceTree = "<group>"; };
		5C36CAB614520BFD00298B51 /* pngtrans.c */ = {isa = PBXFileReference; fileEncoding = 4; lastKnownFileType = sourcecode.c.c; path = pngtrans.c; sourceTree = "<group>"; };
		5C36CAB714520BFD00298B51 /* pngvcrd.c */ = {isa = PBXFileReference; fileEncoding = 4; lastKnownFileType = sourcecode.c.c; path = pngvcrd.c; sourceTree = "<group>"; };
		5C36CAB814520BFD00298B51 /* pngwio.c */ = {isa = PBXFileReference; fileEncoding = 4; lastKnownFileType = sourcecode.c.c; path = pngwio.c; sourceTree = "<group>"; };
		5C36CAB914520BFD00298B51 /* pngwrite.c */ = {isa = PBXFileReference; fileEncoding = 4; lastKnownFileType = sourcecode.c.c; path = pngwrite.c; sourceTree = "<group>"; };
		5C36CABA14520BFD00298B51 /* pngwtran.c */ = {isa = PBXFileReference; fileEncoding = 4; lastKnownFileType = sourcecode.c.c; path = pngwtran.c; sourceTree = "<group>"; };
		5C36CABB14520BFD00298B51 /* pngwutil.c */ = {isa = PBXFileReference; fileEncoding = 4; lastKnownFileType = sourcecode.c.c; path = pngwutil.c; sourceTree = "<group>"; };
		5C36CAED14520CB200298B51 /* libpnglib_iphone copy.a */ = {isa = PBXFileReference; explicitFileType = archive.ar; includeInIndex = 0; name = "libpnglib_iphone copy.a"; path = libpnglib_iphoneSim.a; sourceTree = BUILT_PRODUCTS_DIR; };
/* End PBXFileReference section */

/* Begin PBXFrameworksBuildPhase section */
		5C36CA9114520B8A00298B51 /* Frameworks */ = {
			isa = PBXFrameworksBuildPhase;
			buildActionMask = 2147483647;
			files = (
			);
			runOnlyForDeploymentPostprocessing = 0;
		};
		5C36CAE514520CB200298B51 /* Frameworks */ = {
			isa = PBXFrameworksBuildPhase;
			buildActionMask = 2147483647;
			files = (
			);
			runOnlyForDeploymentPostprocessing = 0;
		};
/* End PBXFrameworksBuildPhase section */

/* Begin PBXGroup section */
		5C36CA8914520B8900298B51 = {
			isa = PBXGroup;
			children = (
				5C36CA9514520B8A00298B51 /* Products */,
				5C36CAA414520BFD00298B51 /* include */,
				5C36CAA914520BFD00298B51 /* src */,
			);
			sourceTree = "<group>";
		};
		5C36CA9514520B8A00298B51 /* Products */ = {
			isa = PBXGroup;
			children = (
				5C36CA9414520B8A00298B51 /* libpnglib_iphone.a */,
				5C36CAED14520CB200298B51 /* libpnglib_iphone copy.a */,
			);
			name = Products;
			sourceTree = "<group>";
		};
		5C36CAA414520BFD00298B51 /* include */ = {
			isa = PBXGroup;
			children = (
				5C36CAA514520BFD00298B51 /* pnglib */,
			);
			name = include;
			path = ../../include;
			sourceTree = SOURCE_ROOT;
		};
		5C36CAA514520BFD00298B51 /* pnglib */ = {
			isa = PBXGroup;
			children = (
				5C36CAA614520BFD00298B51 /* config.h */,
				5C36CAA714520BFD00298B51 /* png.h */,
				5C36CAA814520BFD00298B51 /* pngconf.h */,
			);
			path = pnglib;
			sourceTree = "<group>";
		};
		5C36CAA914520BFD00298B51 /* src */ = {
			isa = PBXGroup;
			children = (
				5C36CAAA14520BFD00298B51 /* png.c */,
				5C36CAAB14520BFD00298B51 /* pngerror.c */,
				5C36CAAC14520BFD00298B51 /* pnggccrd.c */,
				5C36CAAD14520BFD00298B51 /* pngget.c */,
				5C36CAAE14520BFD00298B51 /* pngmem.c */,
				5C36CAAF14520BFD00298B51 /* pngpread.c */,
				5C36CAB014520BFD00298B51 /* pngread.c */,
				5C36CAB114520BFD00298B51 /* pngrio.c */,
				5C36CAB214520BFD00298B51 /* pngrtran.c */,
				5C36CAB314520BFD00298B51 /* pngrutil.c */,
				5C36CAB414520BFD00298B51 /* pngset.c */,
				5C36CAB514520BFD00298B51 /* pngtest.c */,
				5C36CAB614520BFD00298B51 /* pngtrans.c */,
				5C36CAB714520BFD00298B51 /* pngvcrd.c */,
				5C36CAB814520BFD00298B51 /* pngwio.c */,
				5C36CAB914520BFD00298B51 /* pngwrite.c */,
				5C36CABA14520BFD00298B51 /* pngwtran.c */,
				5C36CABB14520BFD00298B51 /* pngwutil.c */,
			);
			name = src;
			path = ../../src;
			sourceTree = SOURCE_ROOT;
		};
/* End PBXGroup section */

/* Begin PBXHeadersBuildPhase section */
		5C36CA9214520B8A00298B51 /* Headers */ = {
			isa = PBXHeadersBuildPhase;
			buildActionMask = 2147483647;
			files = (
				5C36CABC14520BFD00298B51 /* config.h in Headers */,
				5C36CABD14520BFD00298B51 /* png.h in Headers */,
				5C36CABE14520BFD00298B51 /* pngconf.h in Headers */,
			);
			runOnlyForDeploymentPostprocessing = 0;
		};
		5C36CAE614520CB200298B51 /* Headers */ = {
			isa = PBXHeadersBuildPhase;
			buildActionMask = 2147483647;
			files = (
				5C36CAE714520CB200298B51 /* config.h in Headers */,
				5C36CAE814520CB200298B51 /* png.h in Headers */,
				5C36CAE914520CB200298B51 /* pngconf.h in Headers */,
			);
			runOnlyForDeploymentPostprocessing = 0;
		};
/* End PBXHeadersBuildPhase section */

/* Begin PBXNativeTarget section */
		5C36CA9314520B8A00298B51 /* pnglib_iphone */ = {
			isa = PBXNativeTarget;
			buildConfigurationList = 5C36CAA114520B8A00298B51 /* Build configuration list for PBXNativeTarget "pnglib_iphone" */;
			buildPhases = (
				5C36CA9014520B8A00298B51 /* Sources */,
				5C36CA9114520B8A00298B51 /* Frameworks */,
				5C36CA9214520B8A00298B51 /* Headers */,
			);
			buildRules = (
			);
			dependencies = (
			);
			name = pnglib_iphone;
			productName = pnglib_iphone;
			productReference = 5C36CA9414520B8A00298B51 /* libpnglib_iphone.a */;
			productType = "com.apple.product-type.library.static";
		};
		5C36CAD114520CB200298B51 /* pnglib_iphoneSim */ = {
			isa = PBXNativeTarget;
			buildConfigurationList = 5C36CAEA14520CB200298B51 /* Build configuration list for PBXNativeTarget "pnglib_iphoneSim" */;
			buildPhases = (
				5C36CAD214520CB200298B51 /* Sources */,
				5C36CAE514520CB200298B51 /* Frameworks */,
				5C36CAE614520CB200298B51 /* Headers */,
			);
			buildRules = (
			);
			dependencies = (
			);
			name = pnglib_iphoneSim;
			productName = pnglib_iphone;
			productReference = 5C36CAED14520CB200298B51 /* libpnglib_iphone copy.a */;
			productType = "com.apple.product-type.library.static";
		};
/* End PBXNativeTarget section */

/* Begin PBXProject section */
		5C36CA8B14520B8900298B51 /* Project object */ = {
			isa = PBXProject;
			buildConfigurationList = 5C36CA8E14520B8900298B51 /* Build configuration list for PBXProject "pnglib_iphone" */;
			compatibilityVersion = "Xcode 3.2";
			developmentRegion = English;
			hasScannedForEncodings = 0;
			knownRegions = (
				en,
			);
			mainGroup = 5C36CA8914520B8900298B51;
			productRefGroup = 5C36CA9514520B8A00298B51 /* Products */;
			projectDirPath = "";
			projectRoot = "";
			targets = (
				5C36CA9314520B8A00298B51 /* pnglib_iphone */,
				5C36CAD114520CB200298B51 /* pnglib_iphoneSim */,
				5C36CAEE14520CFD00298B51 /* pnglib_ios */,
			);
		};
/* End PBXProject section */

/* Begin PBXShellScriptBuildPhase section */
		5C36CAF214520D0800298B51 /* ShellScript */ = {
			isa = PBXShellScriptBuildPhase;
			buildActionMask = 2147483647;
			files = (
			);
			inputPaths = (
			);
			outputPaths = (
			);
			runOnlyForDeploymentPostprocessing = 0;
			shellPath = /bin/sh;
			shellScript = "rm -rf ${BUILT_PRODUCTS_DIR}/libyaml_ios.a\n\nlipo -create \"${BUILT_PRODUCTS_DIR}/../${BUILD_STYLE}Release-iphonesimulator/libpnglib_iphoneSim.a\" \\\n\"${BUILT_PRODUCTS_DIR}/libpnglib_iphone.a\" -output \\\n\"${PROJECT_DIR}/../../../libs/libpng_ios.a\"";
		};
/* End PBXShellScriptBuildPhase section */

/* Begin PBXSourcesBuildPhase section */
		5C36CA9014520B8A00298B51 /* Sources */ = {
			isa = PBXSourcesBuildPhase;
			buildActionMask = 2147483647;
			files = (
				5C36CABF14520BFD00298B51 /* png.c in Sources */,
				5C36CAC014520BFD00298B51 /* pngerror.c in Sources */,
				5C36CAC114520BFD00298B51 /* pnggccrd.c in Sources */,
				5C36CAC214520BFD00298B51 /* pngget.c in Sources */,
				5C36CAC314520BFD00298B51 /* pngmem.c in Sources */,
				5C36CAC414520BFD00298B51 /* pngpread.c in Sources */,
				5C36CAC514520BFD00298B51 /* pngread.c in Sources */,
				5C36CAC614520BFD00298B51 /* pngrio.c in Sources */,
				5C36CAC714520BFD00298B51 /* pngrtran.c in Sources */,
				5C36CAC814520BFD00298B51 /* pngrutil.c in Sources */,
				5C36CAC914520BFD00298B51 /* pngset.c in Sources */,
				5C36CACA14520BFD00298B51 /* pngtest.c in Sources */,
				5C36CACB14520BFD00298B51 /* pngtrans.c in Sources */,
				5C36CACC14520BFD00298B51 /* pngvcrd.c in Sources */,
				5C36CACD14520BFD00298B51 /* pngwio.c in Sources */,
				5C36CACE14520BFD00298B51 /* pngwrite.c in Sources */,
				5C36CACF14520BFD00298B51 /* pngwtran.c in Sources */,
				5C36CAD014520BFD00298B51 /* pngwutil.c in Sources */,
			);
			runOnlyForDeploymentPostprocessing = 0;
		};
		5C36CAD214520CB200298B51 /* Sources */ = {
			isa = PBXSourcesBuildPhase;
			buildActionMask = 2147483647;
			files = (
				5C36CAD314520CB200298B51 /* png.c in Sources */,
				5C36CAD414520CB200298B51 /* pngerror.c in Sources */,
				5C36CAD514520CB200298B51 /* pnggccrd.c in Sources */,
				5C36CAD614520CB200298B51 /* pngget.c in Sources */,
				5C36CAD714520CB200298B51 /* pngmem.c in Sources */,
				5C36CAD814520CB200298B51 /* pngpread.c in Sources */,
				5C36CAD914520CB200298B51 /* pngread.c in Sources */,
				5C36CADA14520CB200298B51 /* pngrio.c in Sources */,
				5C36CADB14520CB200298B51 /* pngrtran.c in Sources */,
				5C36CADC14520CB200298B51 /* pngrutil.c in Sources */,
				5C36CADD14520CB200298B51 /* pngset.c in Sources */,
				5C36CADE14520CB200298B51 /* pngtest.c in Sources */,
				5C36CADF14520CB200298B51 /* pngtrans.c in Sources */,
				5C36CAE014520CB200298B51 /* pngvcrd.c in Sources */,
				5C36CAE114520CB200298B51 /* pngwio.c in Sources */,
				5C36CAE214520CB200298B51 /* pngwrite.c in Sources */,
				5C36CAE314520CB200298B51 /* pngwtran.c in Sources */,
				5C36CAE414520CB200298B51 /* pngwutil.c in Sources */,
			);
			runOnlyForDeploymentPostprocessing = 0;
		};
/* End PBXSourcesBuildPhase section */

/* Begin XCBuildConfiguration section */
		5C36CA9F14520B8A00298B51 /* Debug */ = {
			isa = XCBuildConfiguration;
			buildSettings = {
				ALWAYS_SEARCH_USER_PATHS = NO;
				ARCHS = "$(ARCHS_STANDARD_32_BIT)";
				COPY_PHASE_STRIP = NO;
				GCC_C_LANGUAGE_STANDARD = gnu99;
				GCC_DYNAMIC_NO_PIC = NO;
				GCC_OPTIMIZATION_LEVEL = 0;
				GCC_PREPROCESSOR_DEFINITIONS = (
					"DEBUG=1",
					"$(inherited)",
				);
				GCC_SYMBOLS_PRIVATE_EXTERN = NO;
				GCC_VERSION = com.apple.compilers.llvmgcc42;
				GCC_WARN_ABOUT_MISSING_PROTOTYPES = YES;
				GCC_WARN_ABOUT_RETURN_TYPE = YES;
				GCC_WARN_UNUSED_VARIABLE = YES;
				HEADER_SEARCH_PATHS = ./../../include;
				IPHONEOS_DEPLOYMENT_TARGET = 3.0;
				SDKROOT = iphoneos;
			};
			name = Debug;
		};
		5C36CAA014520B8A00298B51 /* Release */ = {
			isa = XCBuildConfiguration;
			buildSettings = {
				ALWAYS_SEARCH_USER_PATHS = NO;
				ARCHS = "$(ARCHS_STANDARD_32_BIT)";
				COPY_PHASE_STRIP = YES;
				GCC_C_LANGUAGE_STANDARD = gnu99;
				GCC_VERSION = com.apple.compilers.llvmgcc42;
				GCC_WARN_ABOUT_MISSING_PROTOTYPES = YES;
				GCC_WARN_ABOUT_RETURN_TYPE = YES;
				GCC_WARN_UNUSED_VARIABLE = YES;
				HEADER_SEARCH_PATHS = ./../../include;
				IPHONEOS_DEPLOYMENT_TARGET = 3.0;
				SDKROOT = iphoneos;
				VALIDATE_PRODUCT = YES;
			};
			name = Release;
		};
		5C36CAA214520B8A00298B51 /* Debug */ = {
			isa = XCBuildConfiguration;
			buildSettings = {
				DSTROOT = /tmp/pnglib_iphone.dst;
				GCC_PRECOMPILE_PREFIX_HEADER = NO;
				GCC_PREFIX_HEADER = "";
				OTHER_LDFLAGS = "-ObjC";
				PRECOMPS_INCLUDE_HEADERS_FROM_BUILT_PRODUCTS_DIR = NO;
				PRODUCT_NAME = "$(TARGET_NAME)";
				SKIP_INSTALL = YES;
			};
			name = Debug;
		};
		5C36CAA314520B8A00298B51 /* Release */ = {
			isa = XCBuildConfiguration;
			buildSettings = {
				DSTROOT = /tmp/pnglib_iphone.dst;
				GCC_PRECOMPILE_PREFIX_HEADER = NO;
				GCC_PREFIX_HEADER = "";
				OTHER_LDFLAGS = "-ObjC";
				PRECOMPS_INCLUDE_HEADERS_FROM_BUILT_PRODUCTS_DIR = NO;
				PRODUCT_NAME = "$(TARGET_NAME)";
				SKIP_INSTALL = YES;
			};
			name = Release;
		};
		5C36CAEB14520CB200298B51 /* Debug */ = {
			isa = XCBuildConfiguration;
			buildSettings = {
				DSTROOT = /tmp/pnglib_iphone.dst;
				GCC_PRECOMPILE_PREFIX_HEADER = NO;
				GCC_PREFIX_HEADER = "";
				OTHER_LDFLAGS = "-ObjC";
				PRECOMPS_INCLUDE_HEADERS_FROM_BUILT_PRODUCTS_DIR = NO;
				PRODUCT_NAME = pnglib_iphoneSim;
				SKIP_INSTALL = YES;
				VALID_ARCHS = "i386 armv6 armv7";
			};
			name = Debug;
		};
		5C36CAEC14520CB200298B51 /* Release */ = {
			isa = XCBuildConfiguration;
			buildSettings = {
				DSTROOT = /tmp/pnglib_iphone.dst;
				GCC_PRECOMPILE_PREFIX_HEADER = NO;
				GCC_PREFIX_HEADER = "";
				OTHER_LDFLAGS = "-ObjC";
				PRECOMPS_INCLUDE_HEADERS_FROM_BUILT_PRODUCTS_DIR = NO;
				PRODUCT_NAME = pnglib_iphoneSim;
				SKIP_INSTALL = YES;
				VALID_ARCHS = "i386 armv6 armv7";
			};
			name = Release;
		};
		5C36CAF014520CFD00298B51 /* Debug */ = {
			isa = XCBuildConfiguration;
			buildSettings = {
				PRODUCT_NAME = "$(TARGET_NAME)";
			};
			name = Debug;
		};
		5C36CAF114520CFD00298B51 /* Release */ = {
			isa = XCBuildConfiguration;
			buildSettings = {
				PRODUCT_NAME = "$(TARGET_NAME)";
			};
			name = Release;
		};
/* End XCBuildConfiguration section */

/* Begin XCConfigurationList section */
		5C36CA8E14520B8900298B51 /* Build configuration list for PBXProject "pnglib_iphone" */ = {
			isa = XCConfigurationList;
			buildConfigurations = (
				5C36CA9F14520B8A00298B51 /* Debug */,
				5C36CAA014520B8A00298B51 /* Release */,
			);
			defaultConfigurationIsVisible = 0;
			defaultConfigurationName = Release;
		};
		5C36CAA114520B8A00298B51 /* Build configuration list for PBXNativeTarget "pnglib_iphone" */ = {
			isa = XCConfigurationList;
			buildConfigurations = (
				5C36CAA214520B8A00298B51 /* Debug */,
				5C36CAA314520B8A00298B51 /* Release */,
			);
			defaultConfigurationIsVisible = 0;
			defaultConfigurationName = Release;
		};
		5C36CAEA14520CB200298B51 /* Build configuration list for PBXNativeTarget "pnglib_iphoneSim" */ = {
			isa = XCConfigurationList;
			buildConfigurations = (
				5C36CAEB14520CB200298B51 /* Debug */,
				5C36CAEC14520CB200298B51 /* Release */,
			);
			defaultConfigurationIsVisible = 0;
			defaultConfigurationName = Release;
		};
		5C36CAEF14520CFD00298B51 /* Build configuration list for PBXAggregateTarget "pnglib_ios" */ = {
			isa = XCConfigurationList;
			buildConfigurations = (
				5C36CAF014520CFD00298B51 /* Debug */,
				5C36CAF114520CFD00298B51 /* Release */,
			);
			defaultConfigurationIsVisible = 0;
			defaultConfigurationName = Release;
		};
/* End XCConfigurationList section */
	};
	rootObject = 5C36CA8B14520B8900298B51 /* Project object */;
}
