// !$*UTF8*$!
{
	archiveVersion = 1;
	classes = {
	};
	objectVersion = 46;
	objects = {

/* Begin PBXBuildFile section */
		8D11072F0486CEB800E47090 /* Cocoa.framework in Frameworks */ = {isa = PBXBuildFile; fileRef = 1058C7A1FEA54F0111CA2CBB /* Cocoa.framework */; };
		C7A6ADF6146999EE00EF2264 /* libFramework.a in Frameworks */ = {isa = PBXBuildFile; fileRef = C7F49E9D14697F1000035926 /* libFramework.a */; };
		C7F49EA71469806E00035926 /* FileSystemDialog.cpp in Sources */ = {isa = PBXBuildFile; fileRef = C7F49E9F1469806E00035926 /* FileSystemDialog.cpp */; };
		C7F49EA81469806E00035926 /* ForcePreviewControl.cpp in Sources */ = {isa = PBXBuildFile; fileRef = C7F49EA11469806E00035926 /* ForcePreviewControl.cpp */; };
		C7F49EA91469806E00035926 /* PreviewControl.cpp in Sources */ = {isa = PBXBuildFile; fileRef = C7F49EA31469806E00035926 /* PreviewControl.cpp */; };
		C7F49EAA1469806E00035926 /* PropertyLineEditControl.cpp in Sources */ = {isa = PBXBuildFile; fileRef = C7F49EA51469806E00035926 /* PropertyLineEditControl.cpp */; };
		FE444EEB1153A1D500F5EFD6 /* OpenGL.framework in Frameworks */ = {isa = PBXBuildFile; fileRef = FE444EEA1153A1D500F5EFD6 /* OpenGL.framework */; };
		FE5288A5132FA5EB000FE4F0 /* OpenAL.framework in Frameworks */ = {isa = PBXBuildFile; fileRef = FE5288A4132FA5EB000FE4F0 /* OpenAL.framework */; };
		FE9892E511638EF700500198 /* InfoPlist.strings in Resources */ = {isa = PBXBuildFile; fileRef = FE9892E111638EF700500198 /* InfoPlist.strings */; };
		FE9892E611638EF700500198 /* MainMenu.xib in Resources */ = {isa = PBXBuildFile; fileRef = FE9892E311638EF700500198 /* MainMenu.xib */; };
		FEA30C331231362D00E691CC /* main.mm in Sources */ = {isa = PBXBuildFile; fileRef = FEA30C291231362D00E691CC /* main.mm */; };
		FEA30C361231362D00E691CC /* version.plist in Resources */ = {isa = PBXBuildFile; fileRef = FEA30C2E1231362D00E691CC /* version.plist */; };
		FEC3CA811283557F00541220 /* FrameworkMain.cpp in Sources */ = {isa = PBXBuildFile; fileRef = FEC3CA6F1283557F00541220 /* FrameworkMain.cpp */; };
		FEC3CA821283557F00541220 /* GameCore.cpp in Sources */ = {isa = PBXBuildFile; fileRef = FEC3CA711283557F00541220 /* GameCore.cpp */; };
		FEC3CA871283557F00541220 /* TestScreen.cpp in Sources */ = {isa = PBXBuildFile; fileRef = FEC3CA7B1283557F00541220 /* TestScreen.cpp */; };
		FEC9202813BA2EAA006F347F /* TemplateProjectMacOS-Info.plist in Resources */ = {isa = PBXBuildFile; fileRef = FEC9202713BA2EAA006F347F /* TemplateProjectMacOS-Info.plist */; };
		FEFCD5EE12AE50860060A1A1 /* Data in Resources */ = {isa = PBXBuildFile; fileRef = FEFCD5E712AE50860060A1A1 /* Data */; };
/* End PBXBuildFile section */

/* Begin PBXContainerItemProxy section */
		C7F49E9C14697F1000035926 /* PBXContainerItemProxy */ = {
			isa = PBXContainerItemProxy;
			containerPortal = FE98930B11638F3C00500198 /* Framework.xcodeproj */;
			proxyType = 2;
			remoteGlobalIDString = D2AAC07E0554694100DB518D;
			remoteInfo = Framework;
		};
/* End PBXContainerItemProxy section */

/* Begin PBXFileReference section */
		1058C7A1FEA54F0111CA2CBB /* Cocoa.framework */ = {isa = PBXFileReference; lastKnownFileType = wrapper.framework; name = Cocoa.framework; path = /System/Library/Frameworks/Cocoa.framework; sourceTree = "<absolute>"; };
		13E42FB307B3F0F600E4EEF1 /* CoreData.framework */ = {isa = PBXFileReference; lastKnownFileType = wrapper.framework; name = CoreData.framework; path = /System/Library/Frameworks/CoreData.framework; sourceTree = "<absolute>"; };
		29B97324FDCFA39411CA2CEA /* AppKit.framework */ = {isa = PBXFileReference; lastKnownFileType = wrapper.framework; name = AppKit.framework; path = /System/Library/Frameworks/AppKit.framework; sourceTree = "<absolute>"; };
		29B97325FDCFA39411CA2CEA /* Foundation.framework */ = {isa = PBXFileReference; lastKnownFileType = wrapper.framework; name = Foundation.framework; path = /System/Library/Frameworks/Foundation.framework; sourceTree = "<absolute>"; };
		32CA4F630368D1EE00C91783 /* TemplateProjectMacOS_Prefix.pch */ = {isa = PBXFileReference; fileEncoding = 4; lastKnownFileType = sourcecode.c.h; path = TemplateProjectMacOS_Prefix.pch; sourceTree = "<group>"; };
		8D1107320486CEB800E47090 /* TemplateProjectMacOS.app */ = {isa = PBXFileReference; explicitFileType = wrapper.application; includeInIndex = 0; path = TemplateProjectMacOS.app; sourceTree = BUILT_PRODUCTS_DIR; };
		C7F49E9F1469806E00035926 /* FileSystemDialog.cpp */ = {isa = PBXFileReference; fileEncoding = 4; lastKnownFileType = sourcecode.cpp.cpp; name = FileSystemDialog.cpp; path = Classes/FileSystemDialog.cpp; sourceTree = "<group>"; };
		C7F49EA01469806E00035926 /* FileSystemDialog.h */ = {isa = PBXFileReference; fileEncoding = 4; lastKnownFileType = sourcecode.c.h; name = FileSystemDialog.h; path = Classes/FileSystemDialog.h; sourceTree = "<group>"; };
		C7F49EA11469806E00035926 /* ForcePreviewControl.cpp */ = {isa = PBXFileReference; fileEncoding = 4; lastKnownFileType = sourcecode.cpp.cpp; name = ForcePreviewControl.cpp; path = Classes/ForcePreviewControl.cpp; sourceTree = "<group>"; };
		C7F49EA21469806E00035926 /* ForcePreviewControl.h */ = {isa = PBXFileReference; fileEncoding = 4; lastKnownFileType = sourcecode.c.h; name = ForcePreviewControl.h; path = Classes/ForcePreviewControl.h; sourceTree = "<group>"; };
		C7F49EA31469806E00035926 /* PreviewControl.cpp */ = {isa = PBXFileReference; fileEncoding = 4; lastKnownFileType = sourcecode.cpp.cpp; name = PreviewControl.cpp; path = Classes/PreviewControl.cpp; sourceTree = "<group>"; };
		C7F49EA41469806E00035926 /* PreviewControl.h */ = {isa = PBXFileReference; fileEncoding = 4; lastKnownFileType = sourcecode.c.h; name = PreviewControl.h; path = Classes/PreviewControl.h; sourceTree = "<group>"; };
		C7F49EA51469806E00035926 /* PropertyLineEditControl.cpp */ = {isa = PBXFileReference; fileEncoding = 4; lastKnownFileType = sourcecode.cpp.cpp; name = PropertyLineEditControl.cpp; path = Classes/PropertyLineEditControl.cpp; sourceTree = "<group>"; };
		C7F49EA61469806E00035926 /* PropertyLineEditControl.h */ = {isa = PBXFileReference; fileEncoding = 4; lastKnownFileType = sourcecode.c.h; name = PropertyLineEditControl.h; path = Classes/PropertyLineEditControl.h; sourceTree = "<group>"; };
		FE444EEA1153A1D500F5EFD6 /* OpenGL.framework */ = {isa = PBXFileReference; lastKnownFileType = wrapper.framework; name = OpenGL.framework; path = /System/Library/Frameworks/OpenGL.framework; sourceTree = "<absolute>"; };
		FE5288A4132FA5EB000FE4F0 /* OpenAL.framework */ = {isa = PBXFileReference; lastKnownFileType = wrapper.framework; name = OpenAL.framework; path = System/Library/Frameworks/OpenAL.framework; sourceTree = SDKROOT; };
		FE9892E211638EF700500198 /* English */ = {isa = PBXFileReference; fileEncoding = 4; lastKnownFileType = text.plist.strings; name = English; path = MacOSSpecific/English.lproj/InfoPlist.strings; sourceTree = "<group>"; };
		FE9892E411638EF700500198 /* English */ = {isa = PBXFileReference; lastKnownFileType = file.xib; name = English; path = MacOSSpecific/English.lproj/MainMenu.xib; sourceTree = "<group>"; };
		FE98930B11638F3C00500198 /* Framework.xcodeproj */ = {isa = PBXFileReference; lastKnownFileType = "wrapper.pb-project"; name = Framework.xcodeproj; path = ../../Projects/MacOSFramework/Framework.xcodeproj; sourceTree = SOURCE_ROOT; };
		FEA30C291231362D00E691CC /* main.mm */ = {isa = PBXFileReference; fileEncoding = 4; lastKnownFileType = sourcecode.cpp.objcpp; path = main.mm; sourceTree = "<group>"; };
		FEA30C2E1231362D00E691CC /* version.plist */ = {isa = PBXFileReference; fileEncoding = 4; lastKnownFileType = text.plist.xml; path = version.plist; sourceTree = "<group>"; };
		FEC3CA6C1283557F00541220 /* AppScreens.h */ = {isa = PBXFileReference; fileEncoding = 4; lastKnownFileType = sourcecode.c.h; name = AppScreens.h; path = Classes/AppScreens.h; sourceTree = "<group>"; };
		FEC3CA6F1283557F00541220 /* FrameworkMain.cpp */ = {isa = PBXFileReference; fileEncoding = 4; lastKnownFileType = sourcecode.cpp.cpp; name = FrameworkMain.cpp; path = Classes/FrameworkMain.cpp; sourceTree = "<group>"; };
		FEC3CA701283557F00541220 /* FrameworkMain.h */ = {isa = PBXFileReference; fileEncoding = 4; lastKnownFileType = sourcecode.c.h; name = FrameworkMain.h; path = Classes/FrameworkMain.h; sourceTree = "<group>"; };
		FEC3CA711283557F00541220 /* GameCore.cpp */ = {isa = PBXFileReference; fileEncoding = 4; lastKnownFileType = sourcecode.cpp.cpp; name = GameCore.cpp; path = Classes/GameCore.cpp; sourceTree = "<group>"; };
		FEC3CA721283557F00541220 /* GameCore.h */ = {isa = PBXFileReference; fileEncoding = 4; lastKnownFileType = sourcecode.c.h; name = GameCore.h; path = Classes/GameCore.h; sourceTree = "<group>"; };
		FEC3CA7B1283557F00541220 /* TestScreen.cpp */ = {isa = PBXFileReference; fileEncoding = 4; lastKnownFileType = sourcecode.cpp.cpp; name = TestScreen.cpp; path = Classes/TestScreen.cpp; sourceTree = "<group>"; };
		FEC3CA7C1283557F00541220 /* TestScreen.h */ = {isa = PBXFileReference; fileEncoding = 4; lastKnownFileType = sourcecode.c.h; name = TestScreen.h; path = Classes/TestScreen.h; sourceTree = "<group>"; };
		FEC9202713BA2EAA006F347F /* TemplateProjectMacOS-Info.plist */ = {isa = PBXFileReference; fileEncoding = 4; lastKnownFileType = text.plist.xml; path = "TemplateProjectMacOS-Info.plist"; sourceTree = "<group>"; };
		FEFCD5E712AE50860060A1A1 /* Data */ = {isa = PBXFileReference; lastKnownFileType = folder; path = Data; sourceTree = "<group>"; };
/* End PBXFileReference section */

/* Begin PBXFrameworksBuildPhase section */
		8D11072E0486CEB800E47090 /* Frameworks */ = {
			isa = PBXFrameworksBuildPhase;
			buildActionMask = 2147483647;
			files = (
				C7A6ADF6146999EE00EF2264 /* libFramework.a in Frameworks */,
				8D11072F0486CEB800E47090 /* Cocoa.framework in Frameworks */,
				FE444EEB1153A1D500F5EFD6 /* OpenGL.framework in Frameworks */,
				FE5288A5132FA5EB000FE4F0 /* OpenAL.framework in Frameworks */,
			);
			runOnlyForDeploymentPostprocessing = 0;
		};
/* End PBXFrameworksBuildPhase section */

/* Begin PBXGroup section */
		1058C7A0FEA54F0111CA2CBB /* Linked Frameworks */ = {
			isa = PBXGroup;
			children = (
				1058C7A1FEA54F0111CA2CBB /* Cocoa.framework */,
			);
			name = "Linked Frameworks";
			sourceTree = "<group>";
		};
		1058C7A2FEA54F0111CA2CBB /* Other Frameworks */ = {
			isa = PBXGroup;
			children = (
				FE444EEA1153A1D500F5EFD6 /* OpenGL.framework */,
				29B97324FDCFA39411CA2CEA /* AppKit.framework */,
				13E42FB307B3F0F600E4EEF1 /* CoreData.framework */,
				29B97325FDCFA39411CA2CEA /* Foundation.framework */,
				FE5288A4132FA5EB000FE4F0 /* OpenAL.framework */,
			);
			name = "Other Frameworks";
			sourceTree = "<group>";
		};
		19C28FACFE9D520D11CA2CBB /* Products */ = {
			isa = PBXGroup;
			children = (
				8D1107320486CEB800E47090 /* TemplateProjectMacOS.app */,
			);
			name = Products;
			sourceTree = "<group>";
		};
		29B97314FDCFA39411CA2CEA /* TemplateProjectMacOS */ = {
			isa = PBXGroup;
			children = (
				FEFCD5E712AE50860060A1A1 /* Data */,
				FE98930B11638F3C00500198 /* Framework.xcodeproj */,
				FE445A961153C27800F5EFD6 /* Classes */,
				FEA30C211231362D00E691CC /* MacOSSpecific */,
				29B97315FDCFA39411CA2CEA /* Other Sources */,
				29B97317FDCFA39411CA2CEA /* Resources */,
				29B97323FDCFA39411CA2CEA /* Frameworks */,
				19C28FACFE9D520D11CA2CBB /* Products */,
			);
			name = TemplateProjectMacOS;
			sourceTree = "<group>";
		};
		29B97315FDCFA39411CA2CEA /* Other Sources */ = {
			isa = PBXGroup;
			children = (
				32CA4F630368D1EE00C91783 /* TemplateProjectMacOS_Prefix.pch */,
			);
			name = "Other Sources";
			sourceTree = "<group>";
		};
		29B97317FDCFA39411CA2CEA /* Resources */ = {
			isa = PBXGroup;
			children = (
				FEC9202713BA2EAA006F347F /* TemplateProjectMacOS-Info.plist */,
				FE9892E111638EF700500198 /* InfoPlist.strings */,
				FE9892E311638EF700500198 /* MainMenu.xib */,
			);
			name = Resources;
			sourceTree = "<group>";
		};
		29B97323FDCFA39411CA2CEA /* Frameworks */ = {
			isa = PBXGroup;
			children = (
				1058C7A0FEA54F0111CA2CBB /* Linked Frameworks */,
				1058C7A2FEA54F0111CA2CBB /* Other Frameworks */,
			);
			name = Frameworks;
			sourceTree = "<group>";
		};
		C7F49E9814697F1000035926 /* Products */ = {
			isa = PBXGroup;
			children = (
				C7F49E9D14697F1000035926 /* libFramework.a */,
			);
			name = Products;
			sourceTree = "<group>";
		};
		FE445A961153C27800F5EFD6 /* Classes */ = {
			isa = PBXGroup;
			children = (
				C7F49E9F1469806E00035926 /* FileSystemDialog.cpp */,
				C7F49EA01469806E00035926 /* FileSystemDialog.h */,
				C7F49EA11469806E00035926 /* ForcePreviewControl.cpp */,
				C7F49EA21469806E00035926 /* ForcePreviewControl.h */,
				C7F49EA31469806E00035926 /* PreviewControl.cpp */,
				C7F49EA41469806E00035926 /* PreviewControl.h */,
				C7F49EA51469806E00035926 /* PropertyLineEditControl.cpp */,
				C7F49EA61469806E00035926 /* PropertyLineEditControl.h */,
				FEC3CA6F1283557F00541220 /* FrameworkMain.cpp */,
				FEC3CA701283557F00541220 /* FrameworkMain.h */,
				FEC3CA711283557F00541220 /* GameCore.cpp */,
				FEC3CA721283557F00541220 /* GameCore.h */,
				FEC3CA6C1283557F00541220 /* AppScreens.h */,
				FEC3CA7B1283557F00541220 /* TestScreen.cpp */,
				FEC3CA7C1283557F00541220 /* TestScreen.h */,
			);
			name = Classes;
			sourceTree = "<group>";
		};
		FEA30C211231362D00E691CC /* MacOSSpecific */ = {
			isa = PBXGroup;
			children = (
				FEA30C291231362D00E691CC /* main.mm */,
				FEA30C2E1231362D00E691CC /* version.plist */,
			);
			path = MacOSSpecific;
			sourceTree = "<group>";
		};
/* End PBXGroup section */

/* Begin PBXNativeTarget section */
		8D1107260486CEB800E47090 /* TemplateProjectMacOS */ = {
			isa = PBXNativeTarget;
			buildConfigurationList = C01FCF4A08A954540054247B /* Build configuration list for PBXNativeTarget "TemplateProjectMacOS" */;
			buildPhases = (
				8D1107290486CEB800E47090 /* Resources */,
				8D11072C0486CEB800E47090 /* Sources */,
				8D11072E0486CEB800E47090 /* Frameworks */,
				FE0D6CE9128AE7DE00ECAE3B /* ShellScript */,
			);
			buildRules = (
			);
			dependencies = (
			);
			name = TemplateProjectMacOS;
			productInstallPath = "$(HOME)/Applications";
			productName = TemplateProjectMacOS;
			productReference = 8D1107320486CEB800E47090 /* TemplateProjectMacOS.app */;
			productType = "com.apple.product-type.application";
		};
/* End PBXNativeTarget section */

/* Begin PBXProject section */
		29B97313FDCFA39411CA2CEA /* Project object */ = {
			isa = PBXProject;
			attributes = {
				LastUpgradeCheck = 0420;
			};
			buildConfigurationList = C01FCF4E08A954540054247B /* Build configuration list for PBXProject "TemplateProjectMacOS" */;
			compatibilityVersion = "Xcode 3.2";
			developmentRegion = English;
			hasScannedForEncodings = 1;
			knownRegions = (
				English,
				Japanese,
				French,
				German,
			);
			mainGroup = 29B97314FDCFA39411CA2CEA /* TemplateProjectMacOS */;
			projectDirPath = "";
			projectReferences = (
				{
					ProductGroup = C7F49E9814697F1000035926 /* Products */;
					ProjectRef = FE98930B11638F3C00500198 /* Framework.xcodeproj */;
				},
			);
			projectRoot = "";
			targets = (
				8D1107260486CEB800E47090 /* TemplateProjectMacOS */,
			);
		};
/* End PBXProject section */

/* Begin PBXReferenceProxy section */
		C7F49E9D14697F1000035926 /* libFramework.a */ = {
			isa = PBXReferenceProxy;
			fileType = archive.ar;
			path = libFramework.a;
			remoteRef = C7F49E9C14697F1000035926 /* PBXContainerItemProxy */;
			sourceTree = BUILT_PRODUCTS_DIR;
		};
/* End PBXReferenceProxy section */

/* Begin PBXResourcesBuildPhase section */
		8D1107290486CEB800E47090 /* Resources */ = {
			isa = PBXResourcesBuildPhase;
			buildActionMask = 2147483647;
			files = (
				FE9892E511638EF700500198 /* InfoPlist.strings in Resources */,
				FE9892E611638EF700500198 /* MainMenu.xib in Resources */,
				FEA30C361231362D00E691CC /* version.plist in Resources */,
				FEFCD5EE12AE50860060A1A1 /* Data in Resources */,
				FEC9202813BA2EAA006F347F /* TemplateProjectMacOS-Info.plist in Resources */,
			);
			runOnlyForDeploymentPostprocessing = 0;
		};
/* End PBXResourcesBuildPhase section */

/* Begin PBXShellScriptBuildPhase section */
		FE0D6CE9128AE7DE00ECAE3B /* ShellScript */ = {
			isa = PBXShellScriptBuildPhase;
			buildActionMask = 2147483647;
			files = (
			);
			inputPaths = (
			);
			outputPaths = (
			);
			runOnlyForDeploymentPostprocessing = 0;
			shellPath = /bin/sh;
			shellScript = "touch -cm ${SRCROOT}/Data/\ntouch -cm ${SRCROOT}/Data/XGfx/\ntouch -cm ${SRCROOT}/Data/Configs/\ntouch -cm ${SRCROOT}/Data/Audio/";
		};
/* End PBXShellScriptBuildPhase section */

/* Begin PBXSourcesBuildPhase section */
		8D11072C0486CEB800E47090 /* Sources */ = {
			isa = PBXSourcesBuildPhase;
			buildActionMask = 2147483647;
			files = (
				FEA30C331231362D00E691CC /* main.mm in Sources */,
				FEC3CA811283557F00541220 /* FrameworkMain.cpp in Sources */,
				FEC3CA821283557F00541220 /* GameCore.cpp in Sources */,
				FEC3CA871283557F00541220 /* TestScreen.cpp in Sources */,
				C7F49EA71469806E00035926 /* FileSystemDialog.cpp in Sources */,
				C7F49EA81469806E00035926 /* ForcePreviewControl.cpp in Sources */,
				C7F49EA91469806E00035926 /* PreviewControl.cpp in Sources */,
				C7F49EAA1469806E00035926 /* PropertyLineEditControl.cpp in Sources */,
			);
			runOnlyForDeploymentPostprocessing = 0;
		};
/* End PBXSourcesBuildPhase section */

/* Begin PBXVariantGroup section */
		FE9892E111638EF700500198 /* InfoPlist.strings */ = {
			isa = PBXVariantGroup;
			children = (
				FE9892E211638EF700500198 /* English */,
			);
			name = InfoPlist.strings;
			sourceTree = "<group>";
		};
		FE9892E311638EF700500198 /* MainMenu.xib */ = {
			isa = PBXVariantGroup;
			children = (
				FE9892E411638EF700500198 /* English */,
			);
			name = MainMenu.xib;
			sourceTree = "<group>";
		};
/* End PBXVariantGroup section */

/* Begin XCBuildConfiguration section */
		C01FCF4B08A954540054247B /* Debug */ = {
			isa = XCBuildConfiguration;
			buildSettings = {
				ALWAYS_SEARCH_USER_PATHS = NO;
				COPY_PHASE_STRIP = NO;
				GCC_DYNAMIC_NO_PIC = NO;
				GCC_MODEL_TUNING = G5;
				GCC_OPTIMIZATION_LEVEL = 0;
				GCC_PRECOMPILE_PREFIX_HEADER = YES;
				GCC_PREFIX_HEADER = TemplateProjectMacOS_Prefix.pch;
				GCC_VERSION = com.apple.compilers.llvm.clang.1_0;
				INFOPLIST_FILE = "TemplateProjectMacOS-Info.plist";
				INSTALL_PATH = "$(HOME)/Applications";
				PRODUCT_NAME = TemplateProjectMacOS;
			};
			name = Debug;
		};
		C01FCF4C08A954540054247B /* Release */ = {
			isa = XCBuildConfiguration;
			buildSettings = {
				ALWAYS_SEARCH_USER_PATHS = NO;
				DEBUG_INFORMATION_FORMAT = "dwarf-with-dsym";
				GCC_MODEL_TUNING = G5;
				GCC_PRECOMPILE_PREFIX_HEADER = YES;
				GCC_PREFIX_HEADER = TemplateProjectMacOS_Prefix.pch;
				GCC_VERSION = com.apple.compilers.llvm.clang.1_0;
				INFOPLIST_FILE = "TemplateProjectMacOS-Info.plist";
				INSTALL_PATH = "$(HOME)/Applications";
				PRODUCT_NAME = TemplateProjectMacOS;
			};
			name = Release;
		};
		C01FCF4F08A954540054247B /* Debug */ = {
			isa = XCBuildConfiguration;
			buildSettings = {
				ARCHS = "$(ARCHS_STANDARD_32_64_BIT)";
				GCC_C_LANGUAGE_STANDARD = c99;
				GCC_OPTIMIZATION_LEVEL = 0;
				GCC_PREPROCESSOR_DEFINITIONS = DAVA_DEBUG;
				GCC_VERSION = 4.2;
				GCC_WARN_ABOUT_MISSING_PROTOTYPES = YES;
				GCC_WARN_ABOUT_RETURN_TYPE = YES;
				GCC_WARN_UNUSED_VARIABLE = YES;
				HEADER_SEARCH_PATHS = (
					./../../Sources/Internal,
					./../../Sources/External,
					/opt/local/include/,
				);
				ONLY_ACTIVE_ARCH = YES;
				OTHER_CPLUSPLUSFLAGS = (
					"$(OTHER_CFLAGS)",
					"-fvisibility=hidden",
				);
				OTHER_LDFLAGS = "";
				SDKROOT = macosx;
			};
			name = Debug;
		};
		C01FCF5008A954540054247B /* Release */ = {
			isa = XCBuildConfiguration;
			buildSettings = {
				ARCHS = "$(ARCHS_STANDARD_32_64_BIT)";
				GCC_C_LANGUAGE_STANDARD = c99;
				GCC_VERSION = 4.2;
				GCC_WARN_ABOUT_MISSING_PROTOTYPES = YES;
				GCC_WARN_ABOUT_RETURN_TYPE = YES;
				GCC_WARN_UNUSED_VARIABLE = YES;
				HEADER_SEARCH_PATHS = (
					./../../Sources/Internal,
					./../../Sources/External,
					/opt/local/include/,
				);
				OTHER_CPLUSPLUSFLAGS = (
					"$(OTHER_CFLAGS)",
					"-fvisibility=hidden",
				);
				OTHER_LDFLAGS = "";
				SDKROOT = macosx;
			};
			name = Release;
		};
/* End XCBuildConfiguration section */

/* Begin XCConfigurationList section */
		C01FCF4A08A954540054247B /* Build configuration list for PBXNativeTarget "TemplateProjectMacOS" */ = {
			isa = XCConfigurationList;
			buildConfigurations = (
				C01FCF4B08A954540054247B /* Debug */,
				C01FCF4C08A954540054247B /* Release */,
			);
			defaultConfigurationIsVisible = 0;
			defaultConfigurationName = Release;
		};
		C01FCF4E08A954540054247B /* Build configuration list for PBXProject "TemplateProjectMacOS" */ = {
			isa = XCConfigurationList;
			buildConfigurations = (
				C01FCF4F08A954540054247B /* Debug */,
				C01FCF5008A954540054247B /* Release */,
			);
			defaultConfigurationIsVisible = 0;
			defaultConfigurationName = Release;
		};
/* End XCConfigurationList section */
	};
	rootObject = 29B97313FDCFA39411CA2CEA /* Project object */;
}
