// !$*UTF8*$!
{
	archiveVersion = 1;
	classes = {
	};
	objectVersion = 46;
	objects = {

/* Begin PBXBuildFile section */
		65095C700FB1A38400F58946 /* CommandLineParser.cpp in Sources */ = {isa = PBXBuildFile; fileRef = 65095C6F0FB1A38400F58946 /* CommandLineParser.cpp */; };
		6528E2900EB740E7007B0B41 /* PngImage.cpp in Sources */ = {isa = PBXBuildFile; fileRef = 6528E28F0EB740E7007B0B41 /* PngImage.cpp */; };
		6528E41E0EB7561D007B0B41 /* texturepack in CopyFiles */ = {isa = PBXBuildFile; fileRef = 8DD76F6C0486A84900D96B5E /* texturepack */; };
		65E3148C0EB71CC500743D72 /* TexturePacker.cpp in Sources */ = {isa = PBXBuildFile; fileRef = 65E3148B0EB71CC500743D72 /* TexturePacker.cpp */; };
		65E314900EB71D6E00743D72 /* DefinitionFile.cpp in Sources */ = {isa = PBXBuildFile; fileRef = 65E3148F0EB71D6E00743D72 /* DefinitionFile.cpp */; };
		65E314B40EB7203900743D72 /* ImagePacker.cpp in Sources */ = {isa = PBXBuildFile; fileRef = 65E314B30EB7203900743D72 /* ImagePacker.cpp */; };
		8DD76F650486A84900D96B5E /* main.cpp in Sources */ = {isa = PBXBuildFile; fileRef = 08FB7796FE84155DC02AAC07 /* main.cpp */; settings = {ATTRIBUTES = (); }; };
		8DD76F6A0486A84900D96B5E /* texturepack.1 in CopyFiles */ = {isa = PBXBuildFile; fileRef = C6859E8B029090EE04C91782 /* texturepack.1 */; };
/* End PBXBuildFile section */

/* Begin PBXCopyFilesBuildPhase section */
		6528E4290EB75624007B0B41 /* CopyFiles */ = {
			isa = PBXCopyFilesBuildPhase;
			buildActionMask = 12;
			dstPath = /Sources/dava.framework/Tools/SpritePacker/;
			dstSubfolderSpec = 0;
			files = (
				6528E41E0EB7561D007B0B41 /* texturepack in CopyFiles */,
			);
			runOnlyForDeploymentPostprocessing = 0;
		};
		8DD76F690486A84900D96B5E /* CopyFiles */ = {
			isa = PBXCopyFilesBuildPhase;
			buildActionMask = 8;
			dstPath = usr/share/man/man1;
			dstSubfolderSpec = 6;
			files = (
				8DD76F6A0486A84900D96B5E /* texturepack.1 in CopyFiles */,
			);
			runOnlyForDeploymentPostprocessing = 1;
		};
/* End PBXCopyFilesBuildPhase section */

/* Begin PBXFileReference section */
		08FB7796FE84155DC02AAC07 /* main.cpp */ = {isa = PBXFileReference; fileEncoding = 4; lastKnownFileType = sourcecode.cpp.cpp; path = main.cpp; sourceTree = "<group>"; };
		65095C6E0FB1A38400F58946 /* CommandLineParser.h */ = {isa = PBXFileReference; fileEncoding = 4; lastKnownFileType = sourcecode.c.h; path = CommandLineParser.h; sourceTree = "<group>"; };
		65095C6F0FB1A38400F58946 /* CommandLineParser.cpp */ = {isa = PBXFileReference; fileEncoding = 4; lastKnownFileType = sourcecode.cpp.cpp; path = CommandLineParser.cpp; sourceTree = "<group>"; };
		6528E2050EB72CDC007B0B41 /* BaseMath.h */ = {isa = PBXFileReference; fileEncoding = 4; lastKnownFileType = sourcecode.c.h; path = BaseMath.h; sourceTree = "<group>"; };
		6528E28E0EB740E7007B0B41 /* PngImage.h */ = {isa = PBXFileReference; fileEncoding = 4; lastKnownFileType = sourcecode.c.h; path = PngImage.h; sourceTree = "<group>"; };
		6528E28F0EB740E7007B0B41 /* PngImage.cpp */ = {isa = PBXFileReference; fileEncoding = 4; lastKnownFileType = sourcecode.cpp.cpp; path = PngImage.cpp; sourceTree = "<group>"; };
		65E3148A0EB71CC500743D72 /* TexturePacker.h */ = {isa = PBXFileReference; fileEncoding = 4; lastKnownFileType = sourcecode.c.h; path = TexturePacker.h; sourceTree = "<group>"; };
		65E3148B0EB71CC500743D72 /* TexturePacker.cpp */ = {isa = PBXFileReference; fileEncoding = 4; lastKnownFileType = sourcecode.cpp.cpp; path = TexturePacker.cpp; sourceTree = "<group>"; };
		65E3148E0EB71D6E00743D72 /* DefinitionFile.h */ = {isa = PBXFileReference; fileEncoding = 4; lastKnownFileType = sourcecode.c.h; path = DefinitionFile.h; sourceTree = "<group>"; };
		65E3148F0EB71D6E00743D72 /* DefinitionFile.cpp */ = {isa = PBXFileReference; fileEncoding = 4; lastKnownFileType = sourcecode.cpp.cpp; path = DefinitionFile.cpp; sourceTree = "<group>"; };
		65E314960EB7201E00743D72 /* Math2D.h */ = {isa = PBXFileReference; fileEncoding = 4; lastKnownFileType = sourcecode.c.h; path = Math2D.h; sourceTree = "<group>"; };
		65E314970EB7201E00743D72 /* Math2DBase.h */ = {isa = PBXFileReference; fileEncoding = 4; lastKnownFileType = sourcecode.c.h; path = Math2DBase.h; sourceTree = "<group>"; };
		65E314980EB7201E00743D72 /* Math2DMatrix3.h */ = {isa = PBXFileReference; fileEncoding = 4; lastKnownFileType = sourcecode.c.h; path = Math2DMatrix3.h; sourceTree = "<group>"; };
		65E314990EB7201E00743D72 /* Math2DMatrix2.h */ = {isa = PBXFileReference; fileEncoding = 4; lastKnownFileType = sourcecode.c.h; path = Math2DMatrix2.h; sourceTree = "<group>"; };
		65E314B20EB7203900743D72 /* ImagePacker.h */ = {isa = PBXFileReference; fileEncoding = 4; lastKnownFileType = sourcecode.c.h; path = ImagePacker.h; sourceTree = "<group>"; };
		65E314B30EB7203900743D72 /* ImagePacker.cpp */ = {isa = PBXFileReference; fileEncoding = 4; lastKnownFileType = sourcecode.cpp.cpp; path = ImagePacker.cpp; sourceTree = "<group>"; };
		65E314B50EB7204A00743D72 /* BaseTypes.h */ = {isa = PBXFileReference; fileEncoding = 4; lastKnownFileType = sourcecode.c.h; path = BaseTypes.h; sourceTree = "<group>"; };
		65E314CC0EB7266600743D72 /* MathHelpers.h */ = {isa = PBXFileReference; fileEncoding = 4; lastKnownFileType = sourcecode.c.h; path = MathHelpers.h; sourceTree = "<group>"; };
		65E314CE0EB7266E00743D72 /* OOBBox.h */ = {isa = PBXFileReference; fileEncoding = 4; lastKnownFileType = sourcecode.c.h; path = OOBBox.h; sourceTree = "<group>"; };
		65E314CF0EB7266E00743D72 /* Matrix.h */ = {isa = PBXFileReference; fileEncoding = 4; lastKnownFileType = sourcecode.c.h; path = Matrix.h; sourceTree = "<group>"; };
		65E314D00EB7266E00743D72 /* Quaternion.h */ = {isa = PBXFileReference; fileEncoding = 4; lastKnownFileType = sourcecode.c.h; path = Quaternion.h; sourceTree = "<group>"; };
		65E314D10EB7266E00743D72 /* Polygon.h */ = {isa = PBXFileReference; fileEncoding = 4; lastKnownFileType = sourcecode.c.h; path = Polygon.h; sourceTree = "<group>"; };
		65E314D20EB7267700743D72 /* AABBox.h */ = {isa = PBXFileReference; fileEncoding = 4; lastKnownFileType = sourcecode.c.h; path = AABBox.h; sourceTree = "<group>"; };
		65F46BCC0FB1CB9700249B5B /* convert_resources.py */ = {isa = PBXFileReference; fileEncoding = 4; lastKnownFileType = text.script.python; name = convert_resources.py; path = ../SpritePacker/convert_resources.py; sourceTree = SOURCE_ROOT; };
		8DD76F6C0486A84900D96B5E /* texturepack */ = {isa = PBXFileReference; explicitFileType = "compiled.mach-o.executable"; includeInIndex = 0; path = texturepack; sourceTree = BUILT_PRODUCTS_DIR; };
		C6859E8B029090EE04C91782 /* texturepack.1 */ = {isa = PBXFileReference; lastKnownFileType = text.man; path = texturepack.1; sourceTree = "<group>"; };
/* End PBXFileReference section */

/* Begin PBXFrameworksBuildPhase section */
		8DD76F660486A84900D96B5E /* Frameworks */ = {
			isa = PBXFrameworksBuildPhase;
			buildActionMask = 2147483647;
			files = (
			);
			runOnlyForDeploymentPostprocessing = 0;
		};
/* End PBXFrameworksBuildPhase section */

/* Begin PBXGroup section */
		08FB7794FE84155DC02AAC07 /* texturepack */ = {
			isa = PBXGroup;
			children = (
				65F46BCC0FB1CB9700249B5B /* convert_resources.py */,
				08FB7795FE84155DC02AAC07 /* Source */,
				C6859E8C029090F304C91782 /* Documentation */,
				1AB674ADFE9D54B511CA2CBB /* Products */,
			);
			name = texturepack;
			sourceTree = "<group>";
		};
		08FB7795FE84155DC02AAC07 /* Source */ = {
			isa = PBXGroup;
			children = (
				6528E2050EB72CDC007B0B41 /* BaseMath.h */,
				65E314B50EB7204A00743D72 /* BaseTypes.h */,
				65E314960EB7201E00743D72 /* Math2D.h */,
				65E314970EB7201E00743D72 /* Math2DBase.h */,
				65E314980EB7201E00743D72 /* Math2DMatrix3.h */,
				65E314990EB7201E00743D72 /* Math2DMatrix2.h */,
				65E314CC0EB7266600743D72 /* MathHelpers.h */,
				65E314D20EB7267700743D72 /* AABBox.h */,
				65E314CE0EB7266E00743D72 /* OOBBox.h */,
				65E314CF0EB7266E00743D72 /* Matrix.h */,
				65E314D00EB7266E00743D72 /* Quaternion.h */,
				65E314D10EB7266E00743D72 /* Polygon.h */,
				65E3148A0EB71CC500743D72 /* TexturePacker.h */,
				65E3148B0EB71CC500743D72 /* TexturePacker.cpp */,
				65E314B20EB7203900743D72 /* ImagePacker.h */,
				65E314B30EB7203900743D72 /* ImagePacker.cpp */,
				65E3148E0EB71D6E00743D72 /* DefinitionFile.h */,
				65E3148F0EB71D6E00743D72 /* DefinitionFile.cpp */,
				6528E28E0EB740E7007B0B41 /* PngImage.h */,
				6528E28F0EB740E7007B0B41 /* PngImage.cpp */,
				65095C6E0FB1A38400F58946 /* CommandLineParser.h */,
				65095C6F0FB1A38400F58946 /* CommandLineParser.cpp */,
				08FB7796FE84155DC02AAC07 /* main.cpp */,
			);
			name = Source;
			sourceTree = "<group>";
		};
		1AB674ADFE9D54B511CA2CBB /* Products */ = {
			isa = PBXGroup;
			children = (
				8DD76F6C0486A84900D96B5E /* texturepack */,
			);
			name = Products;
			sourceTree = "<group>";
		};
		C6859E8C029090F304C91782 /* Documentation */ = {
			isa = PBXGroup;
			children = (
				C6859E8B029090EE04C91782 /* texturepack.1 */,
			);
			name = Documentation;
			sourceTree = "<group>";
		};
/* End PBXGroup section */

/* Begin PBXNativeTarget section */
		8DD76F620486A84900D96B5E /* texturepack */ = {
			isa = PBXNativeTarget;
			buildConfigurationList = 1DEB923108733DC60010E9CD /* Build configuration list for PBXNativeTarget "texturepack" */;
			buildPhases = (
				8DD76F640486A84900D96B5E /* Sources */,
				8DD76F660486A84900D96B5E /* Frameworks */,
				8DD76F690486A84900D96B5E /* CopyFiles */,
				6528E4290EB75624007B0B41 /* CopyFiles */,
			);
			buildRules = (
			);
			dependencies = (
			);
			name = texturepack;
			productInstallPath = "$(HOME)/bin";
			productName = texturepack;
			productReference = 8DD76F6C0486A84900D96B5E /* texturepack */;
			productType = "com.apple.product-type.tool";
		};
/* End PBXNativeTarget section */

/* Begin PBXProject section */
		08FB7793FE84155DC02AAC07 /* Project object */ = {
			isa = PBXProject;
			attributes = {
				LastUpgradeCheck = 0420;
			};
			buildConfigurationList = 1DEB923508733DC60010E9CD /* Build configuration list for PBXProject "texturepack" */;
			compatibilityVersion = "Xcode 3.2";
			developmentRegion = English;
			hasScannedForEncodings = 1;
			knownRegions = (
				English,
				Japanese,
				French,
				German,
			);
			mainGroup = 08FB7794FE84155DC02AAC07 /* texturepack */;
			projectDirPath = "";
			projectRoot = "";
			targets = (
				8DD76F620486A84900D96B5E /* texturepack */,
			);
		};
/* End PBXProject section */

/* Begin PBXSourcesBuildPhase section */
		8DD76F640486A84900D96B5E /* Sources */ = {
			isa = PBXSourcesBuildPhase;
			buildActionMask = 2147483647;
			files = (
				8DD76F650486A84900D96B5E /* main.cpp in Sources */,
				65E3148C0EB71CC500743D72 /* TexturePacker.cpp in Sources */,
				65E314900EB71D6E00743D72 /* DefinitionFile.cpp in Sources */,
				65E314B40EB7203900743D72 /* ImagePacker.cpp in Sources */,
				6528E2900EB740E7007B0B41 /* PngImage.cpp in Sources */,
				65095C700FB1A38400F58946 /* CommandLineParser.cpp in Sources */,
			);
			runOnlyForDeploymentPostprocessing = 0;
		};
/* End PBXSourcesBuildPhase section */

/* Begin XCBuildConfiguration section */
		1DEB923208733DC60010E9CD /* Debug */ = {
			isa = XCBuildConfiguration;
			buildSettings = {
				ALWAYS_SEARCH_USER_PATHS = NO;
				COPY_PHASE_STRIP = NO;
				GCC_DYNAMIC_NO_PIC = NO;
				GCC_ENABLE_FIX_AND_CONTINUE = YES;
				GCC_MODEL_TUNING = G5;
				GCC_OPTIMIZATION_LEVEL = 0;
				GCC_PREPROCESSOR_DEFINITIONS = (
					"_GLIBCXX_DEBUG=1",
					"_GLIBCXX_DEBUG_PEDANTIC=1",
				);
				INSTALL_PATH = /usr/local/bin;
				PRODUCT_NAME = texturepack;
			};
			name = Debug;
		};
		1DEB923308733DC60010E9CD /* Release */ = {
			isa = XCBuildConfiguration;
			buildSettings = {
				ALWAYS_SEARCH_USER_PATHS = NO;
				DEBUG_INFORMATION_FORMAT = "dwarf-with-dsym";
				GCC_MODEL_TUNING = G5;
				INSTALL_PATH = /usr/local/bin;
				PRODUCT_NAME = texturepack;
			};
			name = Release;
		};
		1DEB923608733DC60010E9CD /* Debug */ = {
			isa = XCBuildConfiguration;
			buildSettings = {
				ARCHS = "$(ARCHS_STANDARD_32_BIT)";
				GCC_C_LANGUAGE_STANDARD = c99;
				GCC_OPTIMIZATION_LEVEL = 0;
				GCC_WARN_ABOUT_RETURN_TYPE = YES;
				GCC_WARN_UNUSED_VARIABLE = YES;
				ONLY_ACTIVE_ARCH = YES;
				PREBINDING = NO;
				PRELINK_LIBS = "";
				SDKROOT = macosx;
			};
			name = Debug;
		};
		1DEB923708733DC60010E9CD /* Release */ = {
			isa = XCBuildConfiguration;
			buildSettings = {
				ARCHS = "$(ARCHS_STANDARD_32_BIT)";
				GCC_C_LANGUAGE_STANDARD = c99;
				GCC_WARN_ABOUT_RETURN_TYPE = YES;
				GCC_WARN_UNUSED_VARIABLE = YES;
				PREBINDING = NO;
				SDKROOT = macosx;
			};
			name = Release;
		};
/* End XCBuildConfiguration section */

/* Begin XCConfigurationList section */
		1DEB923108733DC60010E9CD /* Build configuration list for PBXNativeTarget "texturepack" */ = {
			isa = XCConfigurationList;
			buildConfigurations = (
				1DEB923208733DC60010E9CD /* Debug */,
				1DEB923308733DC60010E9CD /* Release */,
			);
			defaultConfigurationIsVisible = 0;
			defaultConfigurationName = Release;
		};
		1DEB923508733DC60010E9CD /* Build configuration list for PBXProject "texturepack" */ = {
			isa = XCConfigurationList;
			buildConfigurations = (
				1DEB923608733DC60010E9CD /* Debug */,
				1DEB923708733DC60010E9CD /* Release */,
			);
			defaultConfigurationIsVisible = 0;
			defaultConfigurationName = Release;
		};
/* End XCConfigurationList section */
	};
	rootObject = 08FB7793FE84155DC02AAC07 /* Project object */;
}
