
Microsoft Visual Studio Solution File, Format Version 11.00
# Visual Studio 2010
Project("{8BC9CEB8-8B4A-11D0-8D11-00A0C91BC942}") = "yaml_win32", "yaml_win32\yaml_win32.vcxproj", "{E6281161-8387-4883-902F-5CE888584E67}"
EndProject
Global
	GlobalSection(SolutionConfigurationPlatforms) = preSolution
		Debug|Win32 = Debug|Win32
		Release|Win32 = Release|Win32
	EndGlobalSection
	GlobalSection(ProjectConfigurationPlatforms) = postSolution
		{E6281161-8387-4883-902F-5CE888584E67}.Debug|Win32.ActiveCfg = Debug|Win32
		{E6281161-8387-4883-902F-5CE888584E67}.Debug|Win32.Build.0 = Debug|Win32
		{E6281161-8387-4883-902F-5CE888584E67}.Release|Win32.ActiveCfg = Release|Win32
		{E6281161-8387-4883-902F-5CE888584E67}.Release|Win32.Build.0 = Release|Win32
	EndGlobalSection
	GlobalSection(SolutionProperties) = preSolution
		HideSolutionNode = FALSE
	EndGlobalSection
EndGlobal
