// !$*UTF8*$!
{
	archiveVersion = 1;
	classes = {
	};
	objectVersion = 45;
	objects = {

/* Begin PBXBuildFile section */
		1D60589F0D05DD5A006BFB54 /* Foundation.framework in Frameworks */ = {isa = PBXBuildFile; fileRef = 1D30AB110D05D00D00671497 /* Foundation.framework */; };
		1DF5F4E00D08C38300B7A737 /* UIKit.framework in Frameworks */ = {isa = PBXBuildFile; fileRef = 1DF5F4DF0D08C38300B7A737 /* UIKit.framework */; };
		288765FD0DF74451002DB57D /* CoreGraphics.framework in Frameworks */ = {isa = PBXBuildFile; fileRef = 288765FC0DF74451002DB57D /* CoreGraphics.framework */; };
		FE1276CA144320BF0082901E /* main.mm in Sources */ = {isa = PBXBuildFile; fileRef = FE1276C9144320BF0082901E /* main.mm */; };
		FE1276F2144320D50082901E /* AnimationTestScreen.cpp in Sources */ = {isa = PBXBuildFile; fileRef = FE1276CB144320D50082901E /* AnimationTestScreen.cpp */; };
		FE1276F3144320D50082901E /* Box2DGameObjectTestScreen.cpp in Sources */ = {isa = PBXBuildFile; fileRef = FE1276CE144320D50082901E /* Box2DGameObjectTestScreen.cpp */; };
		FE1276F4144320D50082901E /* ClipTestScreen.cpp in Sources */ = {isa = PBXBuildFile; fileRef = FE1276D0144320D50082901E /* ClipTestScreen.cpp */; };
		FE1276F5144320D50082901E /* CollisionTestScreen.cpp in Sources */ = {isa = PBXBuildFile; fileRef = FE1276D2144320D50082901E /* CollisionTestScreen.cpp */; };
		FE1276F6144320D50082901E /* FontUsageScreen.cpp in Sources */ = {isa = PBXBuildFile; fileRef = FE1276D4144320D50082901E /* FontUsageScreen.cpp */; };
		FE1276F7144320D50082901E /* FrameworkMain.cpp in Sources */ = {isa = PBXBuildFile; fileRef = FE1276D6144320D50082901E /* FrameworkMain.cpp */; };
		FE1276F8144320D50082901E /* GameCore.cpp in Sources */ = {isa = PBXBuildFile; fileRef = FE1276D8144320D50082901E /* GameCore.cpp */; };
		FE1276F9144320D50082901E /* GameObjectTestScreen.cpp in Sources */ = {isa = PBXBuildFile; fileRef = FE1276DA144320D50082901E /* GameObjectTestScreen.cpp */; };
		FE1276FA144320D50082901E /* ImageUsageScreen.cpp in Sources */ = {isa = PBXBuildFile; fileRef = FE1276DC144320D50082901E /* ImageUsageScreen.cpp */; };
		FE1276FB144320D50082901E /* iPhoneProjectDelegate.mm in Sources */ = {isa = PBXBuildFile; fileRef = FE1276DF144320D50082901E /* iPhoneProjectDelegate.mm */; };
		FE1276FC144320D50082901E /* MainMenuScreen.cpp in Sources */ = {isa = PBXBuildFile; fileRef = FE1276E0144320D50082901E /* MainMenuScreen.cpp */; };
		FE1276FD144320D50082901E /* ParticleTestScreen.cpp in Sources */ = {isa = PBXBuildFile; fileRef = FE1276E2144320D50082901E /* ParticleTestScreen.cpp */; };
		FE1276FE144320D50082901E /* PropertyLineEditControl.cpp in Sources */ = {isa = PBXBuildFile; fileRef = FE1276E4144320D50082901E /* PropertyLineEditControl.cpp */; };
		FE1276FF144320D50082901E /* RenderTargetTestScreen.cpp in Sources */ = {isa = PBXBuildFile; fileRef = FE1276E6144320D50082901E /* RenderTargetTestScreen.cpp */; };
		FE127700144320D50082901E /* SpriteBasicsScreen.cpp in Sources */ = {isa = PBXBuildFile; fileRef = FE1276E8144320D50082901E /* SpriteBasicsScreen.cpp */; };
		FE127701144320D50082901E /* SpritePerfScreen.cpp in Sources */ = {isa = PBXBuildFile; fileRef = FE1276EA144320D50082901E /* SpritePerfScreen.cpp */; };
		FE127702144320D50082901E /* StaticTextScreen.cpp in Sources */ = {isa = PBXBuildFile; fileRef = FE1276EC144320D50082901E /* StaticTextScreen.cpp */; };
		FE127703144320D50082901E /* TestScreen.cpp in Sources */ = {isa = PBXBuildFile; fileRef = FE1276EE144320D50082901E /* TestScreen.cpp */; };
		FE127704144320D50082901E /* TouchEffectsControl.cpp in Sources */ = {isa = PBXBuildFile; fileRef = FE1276F0144320D50082901E /* TouchEffectsControl.cpp */; };
		FE76D9EE1163F2F0009E83B6 /* OpenAL.framework in Frameworks */ = {isa = PBXBuildFile; fileRef = FE76D9EC1163F2F0009E83B6 /* OpenAL.framework */; };
		FE76D9EF1163F2F0009E83B6 /* OpenGLES.framework in Frameworks */ = {isa = PBXBuildFile; fileRef = FE76D9ED1163F2F0009E83B6 /* OpenGLES.framework */; };
		FE76D9F71163F304009E83B6 /* AVFoundation.framework in Frameworks */ = {isa = PBXBuildFile; fileRef = FE76D9F51163F304009E83B6 /* AVFoundation.framework */; };
		FE76D9F81163F304009E83B6 /* CoreAudio.framework in Frameworks */ = {isa = PBXBuildFile; fileRef = FE76D9F61163F304009E83B6 /* CoreAudio.framework */; };
		FE76D9FF1163F316009E83B6 /* AudioToolbox.framework in Frameworks */ = {isa = PBXBuildFile; fileRef = FE76D9FE1163F316009E83B6 /* AudioToolbox.framework */; };
		FE76DA041163F32F009E83B6 /* QuartzCore.framework in Frameworks */ = {isa = PBXBuildFile; fileRef = FE76DA031163F32F009E83B6 /* QuartzCore.framework */; };
		FEFB01D311C8F28A00B65B8B /* GameKit.framework in Frameworks */ = {isa = PBXBuildFile; fileRef = FEFB01D211C8F28A00B65B8B /* GameKit.framework */; };
		FEFCD63412AE78D90060A1A1 /* Data in Resources */ = {isa = PBXBuildFile; fileRef = FEFCD63312AE78D90060A1A1 /* Data */; };
/* End PBXBuildFile section */

/* Begin PBXContainerItemProxy section */
		FE9895571163F13500500198 /* PBXContainerItemProxy */ = {
			isa = PBXContainerItemProxy;
			containerPortal = FE9895531163F13500500198 /* Framework.xcodeproj */;
			proxyType = 2;
			remoteGlobalIDString = D2AAC07E0554694100DB518D;
			remoteInfo = Framework;
		};
		FE9895591163F14500500198 /* PBXContainerItemProxy */ = {
			isa = PBXContainerItemProxy;
			containerPortal = FE9895531163F13500500198 /* Framework.xcodeproj */;
			proxyType = 1;
			remoteGlobalIDString = D2AAC07D0554694100DB518D;
			remoteInfo = Framework;
		};
/* End PBXContainerItemProxy section */

/* Begin PBXFileReference section */
		1D30AB110D05D00D00671497 /* Foundation.framework */ = {isa = PBXFileReference; lastKnownFileType = wrapper.framework; name = Foundation.framework; path = System/Library/Frameworks/Foundation.framework; sourceTree = SDKROOT; };
		1D6058910D05DD3D006BFB54 /* TemplateProjectiPhone.app */ = {isa = PBXFileReference; explicitFileType = wrapper.application; includeInIndex = 0; path = TemplateProjectiPhone.app; sourceTree = BUILT_PRODUCTS_DIR; };
		1DF5F4DF0D08C38300B7A737 /* UIKit.framework */ = {isa = PBXFileReference; lastKnownFileType = wrapper.framework; name = UIKit.framework; path = System/Library/Frameworks/UIKit.framework; sourceTree = SDKROOT; };
		288765FC0DF74451002DB57D /* CoreGraphics.framework */ = {isa = PBXFileReference; lastKnownFileType = wrapper.framework; name = CoreGraphics.framework; path = System/Library/Frameworks/CoreGraphics.framework; sourceTree = SDKROOT; };
		32CA4F630368D1EE00C91783 /* TemplateProjectiPhone_Prefix.pch */ = {isa = PBXFileReference; fileEncoding = 4; lastKnownFileType = sourcecode.c.h; path = TemplateProjectiPhone_Prefix.pch; sourceTree = "<group>"; };
		8D1107310486CEB800E47090 /* TemplateProjectiPhone-Info.plist */ = {isa = PBXFileReference; fileEncoding = 4; lastKnownFileType = text.plist.xml; path = "TemplateProjectiPhone-Info.plist"; plistStructureDefinitionIdentifier = "com.apple.xcode.plist.structure-definition.iphone.info-plist"; sourceTree = "<group>"; };
		FE1276C9144320BF0082901E /* main.mm */ = {isa = PBXFileReference; fileEncoding = 4; lastKnownFileType = sourcecode.cpp.objcpp; name = main.mm; path = iOSSpecific/main.mm; sourceTree = "<group>"; };
		FE1276CB144320D50082901E /* AnimationTestScreen.cpp */ = {isa = PBXFileReference; fileEncoding = 4; lastKnownFileType = sourcecode.cpp.cpp; path = AnimationTestScreen.cpp; sourceTree = "<group>"; };
		FE1276CC144320D50082901E /* AnimationTestScreen.h */ = {isa = PBXFileReference; fileEncoding = 4; lastKnownFileType = sourcecode.c.h; path = AnimationTestScreen.h; sourceTree = "<group>"; };
		FE1276CD144320D50082901E /* AppScreens.h */ = {isa = PBXFileReference; fileEncoding = 4; lastKnownFileType = sourcecode.c.h; path = AppScreens.h; sourceTree = "<group>"; };
		FE1276CE144320D50082901E /* Box2DGameObjectTestScreen.cpp */ = {isa = PBXFileReference; fileEncoding = 4; lastKnownFileType = sourcecode.cpp.cpp; path = Box2DGameObjectTestScreen.cpp; sourceTree = "<group>"; };
		FE1276CF144320D50082901E /* Box2DGameObjectTestScreen.h */ = {isa = PBXFileReference; fileEncoding = 4; lastKnownFileType = sourcecode.c.h; path = Box2DGameObjectTestScreen.h; sourceTree = "<group>"; };
		FE1276D0144320D50082901E /* ClipTestScreen.cpp */ = {isa = PBXFileReference; fileEncoding = 4; lastKnownFileType = sourcecode.cpp.cpp; path = ClipTestScreen.cpp; sourceTree = "<group>"; };
		FE1276D1144320D50082901E /* ClipTestScreen.h */ = {isa = PBXFileReference; fileEncoding = 4; lastKnownFileType = sourcecode.c.h; path = ClipTestScreen.h; sourceTree = "<group>"; };
		FE1276D2144320D50082901E /* CollisionTestScreen.cpp */ = {isa = PBXFileReference; fileEncoding = 4; lastKnownFileType = sourcecode.cpp.cpp; path = CollisionTestScreen.cpp; sourceTree = "<group>"; };
		FE1276D3144320D50082901E /* CollisionTestScreen.h */ = {isa = PBXFileReference; fileEncoding = 4; lastKnownFileType = sourcecode.c.h; path = CollisionTestScreen.h; sourceTree = "<group>"; };
		FE1276D4144320D50082901E /* FontUsageScreen.cpp */ = {isa = PBXFileReference; fileEncoding = 4; lastKnownFileType = sourcecode.cpp.cpp; path = FontUsageScreen.cpp; sourceTree = "<group>"; };
		FE1276D5144320D50082901E /* FontUsageScreen.h */ = {isa = PBXFileReference; fileEncoding = 4; lastKnownFileType = sourcecode.c.h; path = FontUsageScreen.h; sourceTree = "<group>"; };
		FE1276D6144320D50082901E /* FrameworkMain.cpp */ = {isa = PBXFileReference; fileEncoding = 4; lastKnownFileType = sourcecode.cpp.cpp; path = FrameworkMain.cpp; sourceTree = "<group>"; };
		FE1276D7144320D50082901E /* FrameworkMain.h */ = {isa = PBXFileReference; fileEncoding = 4; lastKnownFileType = sourcecode.c.h; path = FrameworkMain.h; sourceTree = "<group>"; };
		FE1276D8144320D50082901E /* GameCore.cpp */ = {isa = PBXFileReference; fileEncoding = 4; lastKnownFileType = sourcecode.cpp.cpp; path = GameCore.cpp; sourceTree = "<group>"; };
		FE1276D9144320D50082901E /* GameCore.h */ = {isa = PBXFileReference; fileEncoding = 4; lastKnownFileType = sourcecode.c.h; path = GameCore.h; sourceTree = "<group>"; };
		FE1276DA144320D50082901E /* GameObjectTestScreen.cpp */ = {isa = PBXFileReference; fileEncoding = 4; lastKnownFileType = sourcecode.cpp.cpp; path = GameObjectTestScreen.cpp; sourceTree = "<group>"; };
		FE1276DB144320D50082901E /* GameObjectTestScreen.h */ = {isa = PBXFileReference; fileEncoding = 4; lastKnownFileType = sourcecode.c.h; path = GameObjectTestScreen.h; sourceTree = "<group>"; };
		FE1276DC144320D50082901E /* ImageUsageScreen.cpp */ = {isa = PBXFileReference; fileEncoding = 4; lastKnownFileType = sourcecode.cpp.cpp; path = ImageUsageScreen.cpp; sourceTree = "<group>"; };
		FE1276DD144320D50082901E /* ImageUsageScreen.h */ = {isa = PBXFileReference; fileEncoding = 4; lastKnownFileType = sourcecode.c.h; path = ImageUsageScreen.h; sourceTree = "<group>"; };
		FE1276DE144320D50082901E /* iPhoneProjectDelegate.h */ = {isa = PBXFileReference; fileEncoding = 4; lastKnownFileType = sourcecode.c.h; path = iPhoneProjectDelegate.h; sourceTree = "<group>"; };
		FE1276DF144320D50082901E /* iPhoneProjectDelegate.mm */ = {isa = PBXFileReference; fileEncoding = 4; lastKnownFileType = sourcecode.cpp.objcpp; path = iPhoneProjectDelegate.mm; sourceTree = "<group>"; };
		FE1276E0144320D50082901E /* MainMenuScreen.cpp */ = {isa = PBXFileReference; fileEncoding = 4; lastKnownFileType = sourcecode.cpp.cpp; path = MainMenuScreen.cpp; sourceTree = "<group>"; };
		FE1276E1144320D50082901E /* MainMenuScreen.h */ = {isa = PBXFileReference; fileEncoding = 4; lastKnownFileType = sourcecode.c.h; path = MainMenuScreen.h; sourceTree = "<group>"; };
		FE1276E2144320D50082901E /* ParticleTestScreen.cpp */ = {isa = PBXFileReference; fileEncoding = 4; lastKnownFileType = sourcecode.cpp.cpp; path = ParticleTestScreen.cpp; sourceTree = "<group>"; };
		FE1276E3144320D50082901E /* ParticleTestScreen.h */ = {isa = PBXFileReference; fileEncoding = 4; lastKnownFileType = sourcecode.c.h; path = ParticleTestScreen.h; sourceTree = "<group>"; };
		FE1276E4144320D50082901E /* PropertyLineEditControl.cpp */ = {isa = PBXFileReference; fileEncoding = 4; lastKnownFileType = sourcecode.cpp.cpp; path = PropertyLineEditControl.cpp; sourceTree = "<group>"; };
		FE1276E5144320D50082901E /* PropertyLineEditControl.h */ = {isa = PBXFileReference; fileEncoding = 4; lastKnownFileType = sourcecode.c.h; path = PropertyLineEditControl.h; sourceTree = "<group>"; };
		FE1276E6144320D50082901E /* RenderTargetTestScreen.cpp */ = {isa = PBXFileReference; fileEncoding = 4; lastKnownFileType = sourcecode.cpp.cpp; path = RenderTargetTestScreen.cpp; sourceTree = "<group>"; };
		FE1276E7144320D50082901E /* RenderTargetTestScreen.h */ = {isa = PBXFileReference; fileEncoding = 4; lastKnownFileType = sourcecode.c.h; path = RenderTargetTestScreen.h; sourceTree = "<group>"; };
		FE1276E8144320D50082901E /* SpriteBasicsScreen.cpp */ = {isa = PBXFileReference; fileEncoding = 4; lastKnownFileType = sourcecode.cpp.cpp; path = SpriteBasicsScreen.cpp; sourceTree = "<group>"; };
		FE1276E9144320D50082901E /* SpriteBasicsScreen.h */ = {isa = PBXFileReference; fileEncoding = 4; lastKnownFileType = sourcecode.c.h; path = SpriteBasicsScreen.h; sourceTree = "<group>"; };
		FE1276EA144320D50082901E /* SpritePerfScreen.cpp */ = {isa = PBXFileReference; fileEncoding = 4; lastKnownFileType = sourcecode.cpp.cpp; path = SpritePerfScreen.cpp; sourceTree = "<group>"; };
		FE1276EB144320D50082901E /* SpritePerfScreen.h */ = {isa = PBXFileReference; fileEncoding = 4; lastKnownFileType = sourcecode.c.h; path = SpritePerfScreen.h; sourceTree = "<group>"; };
		FE1276EC144320D50082901E /* StaticTextScreen.cpp */ = {isa = PBXFileReference; fileEncoding = 4; lastKnownFileType = sourcecode.cpp.cpp; path = StaticTextScreen.cpp; sourceTree = "<group>"; };
		FE1276ED144320D50082901E /* StaticTextScreen.h */ = {isa = PBXFileReference; fileEncoding = 4; lastKnownFileType = sourcecode.c.h; path = StaticTextScreen.h; sourceTree = "<group>"; };
		FE1276EE144320D50082901E /* TestScreen.cpp */ = {isa = PBXFileReference; fileEncoding = 4; lastKnownFileType = sourcecode.cpp.cpp; path = TestScreen.cpp; sourceTree = "<group>"; };
		FE1276EF144320D50082901E /* TestScreen.h */ = {isa = PBXFileReference; fileEncoding = 4; lastKnownFileType = sourcecode.c.h; path = TestScreen.h; sourceTree = "<group>"; };
		FE1276F0144320D50082901E /* TouchEffectsControl.cpp */ = {isa = PBXFileReference; fileEncoding = 4; lastKnownFileType = sourcecode.cpp.cpp; path = TouchEffectsControl.cpp; sourceTree = "<group>"; };
		FE1276F1144320D50082901E /* TouchEffectsControl.h */ = {isa = PBXFileReference; fileEncoding = 4; lastKnownFileType = sourcecode.c.h; path = TouchEffectsControl.h; sourceTree = "<group>"; };
		FE76D9EC1163F2F0009E83B6 /* OpenAL.framework */ = {isa = PBXFileReference; lastKnownFileType = wrapper.framework; name = OpenAL.framework; path = System/Library/Frameworks/OpenAL.framework; sourceTree = SDKROOT; };
		FE76D9ED1163F2F0009E83B6 /* OpenGLES.framework */ = {isa = PBXFileReference; lastKnownFileType = wrapper.framework; name = OpenGLES.framework; path = System/Library/Frameworks/OpenGLES.framework; sourceTree = SDKROOT; };
		FE76D9F51163F304009E83B6 /* AVFoundation.framework */ = {isa = PBXFileReference; lastKnownFileType = wrapper.framework; name = AVFoundation.framework; path = System/Library/Frameworks/AVFoundation.framework; sourceTree = SDKROOT; };
		FE76D9F61163F304009E83B6 /* CoreAudio.framework */ = {isa = PBXFileReference; lastKnownFileType = wrapper.framework; name = CoreAudio.framework; path = System/Library/Frameworks/CoreAudio.framework; sourceTree = SDKROOT; };
		FE76D9FE1163F316009E83B6 /* AudioToolbox.framework */ = {isa = PBXFileReference; lastKnownFileType = wrapper.framework; name = AudioToolbox.framework; path = System/Library/Frameworks/AudioToolbox.framework; sourceTree = SDKROOT; };
		FE76DA031163F32F009E83B6 /* QuartzCore.framework */ = {isa = PBXFileReference; lastKnownFileType = wrapper.framework; name = QuartzCore.framework; path = System/Library/Frameworks/QuartzCore.framework; sourceTree = SDKROOT; };
		FE9895531163F13500500198 /* Framework.xcodeproj */ = {isa = PBXFileReference; lastKnownFileType = "wrapper.pb-project"; name = Framework.xcodeproj; path = ../iPhoneFramework/Framework.xcodeproj; sourceTree = SOURCE_ROOT; };
		FEFB01D211C8F28A00B65B8B /* GameKit.framework */ = {isa = PBXFileReference; lastKnownFileType = wrapper.framework; name = GameKit.framework; path = System/Library/Frameworks/GameKit.framework; sourceTree = SDKROOT; };
		FEFCD63312AE78D90060A1A1 /* Data */ = {isa = PBXFileReference; lastKnownFileType = folder; path = Data; sourceTree = "<group>"; };
/* End PBXFileReference section */

/* Begin PBXFrameworksBuildPhase section */
		1D60588F0D05DD3D006BFB54 /* Frameworks */ = {
			isa = PBXFrameworksBuildPhase;
			buildActionMask = 2147483647;
			files = (
				1D60589F0D05DD5A006BFB54 /* Foundation.framework in Frameworks */,
				1DF5F4E00D08C38300B7A737 /* UIKit.framework in Frameworks */,
				288765FD0DF74451002DB57D /* CoreGraphics.framework in Frameworks */,
				FE76D9EE1163F2F0009E83B6 /* OpenAL.framework in Frameworks */,
				FE76D9EF1163F2F0009E83B6 /* OpenGLES.framework in Frameworks */,
				FE76D9F71163F304009E83B6 /* AVFoundation.framework in Frameworks */,
				FE76D9F81163F304009E83B6 /* CoreAudio.framework in Frameworks */,
				FE76D9FF1163F316009E83B6 /* AudioToolbox.framework in Frameworks */,
				FE76DA041163F32F009E83B6 /* QuartzCore.framework in Frameworks */,
				FEFB01D311C8F28A00B65B8B /* GameKit.framework in Frameworks */,
			);
			runOnlyForDeploymentPostprocessing = 0;
		};
/* End PBXFrameworksBuildPhase section */

/* Begin PBXGroup section */
		080E96DDFE201D6D7F000001 /* Classes */ = {
			isa = PBXGroup;
			children = (
				FE1276CB144320D50082901E /* AnimationTestScreen.cpp */,
				FE1276CC144320D50082901E /* AnimationTestScreen.h */,
				FE1276CD144320D50082901E /* AppScreens.h */,
				FE1276CE144320D50082901E /* Box2DGameObjectTestScreen.cpp */,
				FE1276CF144320D50082901E /* Box2DGameObjectTestScreen.h */,
				FE1276D0144320D50082901E /* ClipTestScreen.cpp */,
				FE1276D1144320D50082901E /* ClipTestScreen.h */,
				FE1276D2144320D50082901E /* CollisionTestScreen.cpp */,
				FE1276D3144320D50082901E /* CollisionTestScreen.h */,
				FE1276D4144320D50082901E /* FontUsageScreen.cpp */,
				FE1276D5144320D50082901E /* FontUsageScreen.h */,
				FE1276D6144320D50082901E /* FrameworkMain.cpp */,
				FE1276D7144320D50082901E /* FrameworkMain.h */,
				FE1276D8144320D50082901E /* GameCore.cpp */,
				FE1276D9144320D50082901E /* GameCore.h */,
				FE1276DA144320D50082901E /* GameObjectTestScreen.cpp */,
				FE1276DB144320D50082901E /* GameObjectTestScreen.h */,
				FE1276DC144320D50082901E /* ImageUsageScreen.cpp */,
				FE1276DD144320D50082901E /* ImageUsageScreen.h */,
				FE1276DE144320D50082901E /* iPhoneProjectDelegate.h */,
				FE1276DF144320D50082901E /* iPhoneProjectDelegate.mm */,
				FE1276E0144320D50082901E /* MainMenuScreen.cpp */,
				FE1276E1144320D50082901E /* MainMenuScreen.h */,
				FE1276E2144320D50082901E /* ParticleTestScreen.cpp */,
				FE1276E3144320D50082901E /* ParticleTestScreen.h */,
				FE1276E4144320D50082901E /* PropertyLineEditControl.cpp */,
				FE1276E5144320D50082901E /* PropertyLineEditControl.h */,
				FE1276E6144320D50082901E /* RenderTargetTestScreen.cpp */,
				FE1276E7144320D50082901E /* RenderTargetTestScreen.h */,
				FE1276E8144320D50082901E /* SpriteBasicsScreen.cpp */,
				FE1276E9144320D50082901E /* SpriteBasicsScreen.h */,
				FE1276EA144320D50082901E /* SpritePerfScreen.cpp */,
				FE1276EB144320D50082901E /* SpritePerfScreen.h */,
				FE1276EC144320D50082901E /* StaticTextScreen.cpp */,
				FE1276ED144320D50082901E /* StaticTextScreen.h */,
				FE1276EE144320D50082901E /* TestScreen.cpp */,
				FE1276EF144320D50082901E /* TestScreen.h */,
				FE1276F0144320D50082901E /* TouchEffectsControl.cpp */,
				FE1276F1144320D50082901E /* TouchEffectsControl.h */,
			);
			path = Classes;
			sourceTree = "<group>";
		};
		19C28FACFE9D520D11CA2CBB /* Products */ = {
			isa = PBXGroup;
			children = (
				1D6058910D05DD3D006BFB54 /* TemplateProjectiPhone.app */,
			);
			name = Products;
			sourceTree = "<group>";
		};
		29B97314FDCFA39411CA2CEA /* CustomTemplate */ = {
			isa = PBXGroup;
			children = (
				FEFCD63312AE78D90060A1A1 /* Data */,
				FE9895531163F13500500198 /* Framework.xcodeproj */,
				080E96DDFE201D6D7F000001 /* Classes */,
				29B97315FDCFA39411CA2CEA /* Other Sources */,
				29B97317FDCFA39411CA2CEA /* Platform Dependant */,
				29B97323FDCFA39411CA2CEA /* Frameworks */,
				19C28FACFE9D520D11CA2CBB /* Products */,
			);
			name = CustomTemplate;
			sourceTree = "<group>";
		};
		29B97315FDCFA39411CA2CEA /* Other Sources */ = {
			isa = PBXGroup;
			children = (
				32CA4F630368D1EE00C91783 /* TemplateProjectiPhone_Prefix.pch */,
			);
			name = "Other Sources";
			sourceTree = "<group>";
		};
		29B97317FDCFA39411CA2CEA /* Platform Dependant */ = {
			isa = PBXGroup;
			children = (
				FE1276C9144320BF0082901E /* main.mm */,
				8D1107310486CEB800E47090 /* TemplateProjectiPhone-Info.plist */,
			);
			name = "Platform Dependant";
			sourceTree = "<group>";
		};
		29B97323FDCFA39411CA2CEA /* Frameworks */ = {
			isa = PBXGroup;
			children = (
				FEFB01D211C8F28A00B65B8B /* GameKit.framework */,
				FE76DA031163F32F009E83B6 /* QuartzCore.framework */,
				FE76D9FE1163F316009E83B6 /* AudioToolbox.framework */,
				FE76D9F51163F304009E83B6 /* AVFoundation.framework */,
				FE76D9F61163F304009E83B6 /* CoreAudio.framework */,
				FE76D9EC1163F2F0009E83B6 /* OpenAL.framework */,
				FE76D9ED1163F2F0009E83B6 /* OpenGLES.framework */,
				1DF5F4DF0D08C38300B7A737 /* UIKit.framework */,
				1D30AB110D05D00D00671497 /* Foundation.framework */,
				288765FC0DF74451002DB57D /* CoreGraphics.framework */,
			);
			name = Frameworks;
			sourceTree = "<group>";
		};
		FE9895541163F13500500198 /* Products */ = {
			isa = PBXGroup;
			children = (
				FE9895581163F13500500198 /* libFramework.a */,
			);
			name = Products;
			sourceTree = "<group>";
		};
/* End PBXGroup section */

/* Begin PBXNativeTarget section */
		1D6058900D05DD3D006BFB54 /* TemplateProjectiPhone */ = {
			isa = PBXNativeTarget;
			buildConfigurationList = 1D6058960D05DD3E006BFB54 /* Build configuration list for PBXNativeTarget "TemplateProjectiPhone" */;
			buildPhases = (
				1D60588D0D05DD3D006BFB54 /* Resources */,
				1D60588E0D05DD3D006BFB54 /* Sources */,
				1D60588F0D05DD3D006BFB54 /* Frameworks */,
				FE54E9C113A0BE1300912810 /* ShellScript */,
			);
			buildRules = (
			);
			dependencies = (
				FE98955A1163F14500500198 /* PBXTargetDependency */,
			);
			name = TemplateProjectiPhone;
			productName = TemplateProjectiPhone;
			productReference = 1D6058910D05DD3D006BFB54 /* TemplateProjectiPhone.app */;
			productType = "com.apple.product-type.application";
		};
/* End PBXNativeTarget section */

/* Begin PBXProject section */
		29B97313FDCFA39411CA2CEA /* Project object */ = {
			isa = PBXProject;
			buildConfigurationList = C01FCF4E08A954540054247B /* Build configuration list for PBXProject "TemplateProjectiPhone" */;
			compatibilityVersion = "Xcode 3.1";
			developmentRegion = English;
			hasScannedForEncodings = 1;
			knownRegions = (
				English,
				Japanese,
				French,
				German,
			);
			mainGroup = 29B97314FDCFA39411CA2CEA /* CustomTemplate */;
			projectDirPath = "";
			projectReferences = (
				{
					ProductGroup = FE9895541163F13500500198 /* Products */;
					ProjectRef = FE9895531163F13500500198 /* Framework.xcodeproj */;
				},
			);
			projectRoot = "";
			targets = (
				1D6058900D05DD3D006BFB54 /* TemplateProjectiPhone */,
			);
		};
/* End PBXProject section */

/* Begin PBXReferenceProxy section */
		FE9895581163F13500500198 /* libFramework.a */ = {
			isa = PBXReferenceProxy;
			fileType = archive.ar;
			path = libFramework.a;
			remoteRef = FE9895571163F13500500198 /* PBXContainerItemProxy */;
			sourceTree = BUILT_PRODUCTS_DIR;
		};
/* End PBXReferenceProxy section */

/* Begin PBXResourcesBuildPhase section */
		1D60588D0D05DD3D006BFB54 /* Resources */ = {
			isa = PBXResourcesBuildPhase;
			buildActionMask = 2147483647;
			files = (
				FEFCD63412AE78D90060A1A1 /* Data in Resources */,
			);
			runOnlyForDeploymentPostprocessing = 0;
		};
/* End PBXResourcesBuildPhase section */

/* Begin PBXShellScriptBuildPhase section */
		FE54E9C113A0BE1300912810 /* ShellScript */ = {
			isa = PBXShellScriptBuildPhase;
			buildActionMask = 2147483647;
			files = (
			);
			inputPaths = (
			);
			outputPaths = (
			);
			runOnlyForDeploymentPostprocessing = 0;
			shellPath = /bin/sh;
			shellScript = "touch -cm ${SRCROOT}/Data/\ntouch -cm ${SRCROOT}/Data/Gfx/\ntouch -cm ${SRCROOT}/Data/Configs/\ntouch -cm ${SRCROOT}/Data/Scenes/\ntouch -cm ${SRCROOT}/Data/Audio/";
		};
/* End PBXShellScriptBuildPhase section */

/* Begin PBXSourcesBuildPhase section */
		1D60588E0D05DD3D006BFB54 /* Sources */ = {
			isa = PBXSourcesBuildPhase;
			buildActionMask = 2147483647;
			files = (
				FE1276CA144320BF0082901E /* main.mm in Sources */,
				FE1276F2144320D50082901E /* AnimationTestScreen.cpp in Sources */,
				FE1276F3144320D50082901E /* Box2DGameObjectTestScreen.cpp in Sources */,
				FE1276F4144320D50082901E /* ClipTestScreen.cpp in Sources */,
				FE1276F5144320D50082901E /* CollisionTestScreen.cpp in Sources */,
				FE1276F6144320D50082901E /* FontUsageScreen.cpp in Sources */,
				FE1276F7144320D50082901E /* FrameworkMain.cpp in Sources */,
				FE1276F8144320D50082901E /* GameCore.cpp in Sources */,
				FE1276F9144320D50082901E /* GameObjectTestScreen.cpp in Sources */,
				FE1276FA144320D50082901E /* ImageUsageScreen.cpp in Sources */,
				FE1276FB144320D50082901E /* iPhoneProjectDelegate.mm in Sources */,
				FE1276FC144320D50082901E /* MainMenuScreen.cpp in Sources */,
				FE1276FD144320D50082901E /* ParticleTestScreen.cpp in Sources */,
				FE1276FE144320D50082901E /* PropertyLineEditControl.cpp in Sources */,
				FE1276FF144320D50082901E /* RenderTargetTestScreen.cpp in Sources */,
				FE127700144320D50082901E /* SpriteBasicsScreen.cpp in Sources */,
				FE127701144320D50082901E /* SpritePerfScreen.cpp in Sources */,
				FE127702144320D50082901E /* StaticTextScreen.cpp in Sources */,
				FE127703144320D50082901E /* TestScreen.cpp in Sources */,
				FE127704144320D50082901E /* TouchEffectsControl.cpp in Sources */,
			);
			runOnlyForDeploymentPostprocessing = 0;
		};
/* End PBXSourcesBuildPhase section */

/* Begin PBXTargetDependency section */
		FE98955A1163F14500500198 /* PBXTargetDependency */ = {
			isa = PBXTargetDependency;
			name = Framework;
			targetProxy = FE9895591163F14500500198 /* PBXContainerItemProxy */;
		};
/* End PBXTargetDependency section */

/* Begin XCBuildConfiguration section */
		1D6058940D05DD3E006BFB54 /* Debug */ = {
			isa = XCBuildConfiguration;
			buildSettings = {
				ALWAYS_SEARCH_USER_PATHS = NO;
				COPY_PHASE_STRIP = NO;
				GCC_DYNAMIC_NO_PIC = NO;
				GCC_OPTIMIZATION_LEVEL = 0;
				GCC_PRECOMPILE_PREFIX_HEADER = YES;
				GCC_PREFIX_HEADER = TemplateProjectiPhone_Prefix.pch;
				GCC_THUMB_SUPPORT = YES;
				INFOPLIST_FILE = "TemplateProjectiPhone-Info.plist";
				PRODUCT_NAME = TemplateProjectiPhone;
			};
			name = Debug;
		};
		1D6058950D05DD3E006BFB54 /* Release */ = {
			isa = XCBuildConfiguration;
			buildSettings = {
				ALWAYS_SEARCH_USER_PATHS = NO;
				COPY_PHASE_STRIP = YES;
				GCC_PRECOMPILE_PREFIX_HEADER = YES;
				GCC_PREFIX_HEADER = TemplateProjectiPhone_Prefix.pch;
				INFOPLIST_FILE = "TemplateProjectiPhone-Info.plist";
				PRODUCT_NAME = TemplateProjectiPhone;
			};
			name = Release;
		};
		C01FCF4F08A954540054247B /* Debug */ = {
			isa = XCBuildConfiguration;
			buildSettings = {
				ARCHS = "$(ARCHS_STANDARD_32_BIT)";
				"CODE_SIGN_IDENTITY[sdk=iphoneos*]" = "iPhone Developer: Vitaliy Borodovsky (MS45DK374J)";
				GCC_C_LANGUAGE_STANDARD = c99;
				GCC_PREPROCESSOR_DEFINITIONS = DAVA_DEBUG;
				GCC_WARN_ABOUT_RETURN_TYPE = YES;
				GCC_WARN_UNUSED_VARIABLE = YES;
				HEADER_SEARCH_PATHS = (
					./../../Sources/Internal,
					./../../Sources/External,
					./../dava.framework/Sources/Internal,
					./../dava.framework/Sources/External,
				);
				IPHONEOS_DEPLOYMENT_TARGET = 3.0;
				OTHER_LDFLAGS = (
					"-lFramework",
					"-ObjC",
				);
				PREBINDING = NO;
				"PROVISIONING_PROFILE[sdk=iphoneos*]" = "1806687B-2E4A-46C6-B885-FFE5BB283826";
				SDKROOT = iphoneos;
			};
			name = Debug;
		};
		C01FCF5008A954540054247B /* Release */ = {
			isa = XCBuildConfiguration;
			buildSettings = {
				ARCHS = "$(ARCHS_STANDARD_32_BIT)";
				"CODE_SIGN_IDENTITY[sdk=iphoneos*]" = "iPhone Developer";
				GCC_C_LANGUAGE_STANDARD = c99;
				GCC_OPTIMIZATION_LEVEL = s;
				GCC_THUMB_SUPPORT = YES;
				GCC_WARN_ABOUT_RETURN_TYPE = YES;
				GCC_WARN_UNUSED_VARIABLE = YES;
				HEADER_SEARCH_PATHS = (
					./../../Sources/Internal,
					./../../Sources/External,
					./../dava.framework/Sources/Internal,
					./../dava.framework/Sources/External,
				);
				IPHONEOS_DEPLOYMENT_TARGET = 3.0;
				OTHER_LDFLAGS = (
					"-lFramework",
					"-ObjC",
				);
				PREBINDING = NO;
				SDKROOT = iphoneos;
				VALID_ARCHS = "armv6 armv7";
			};
			name = Release;
		};
/* End XCBuildConfiguration section */

/* Begin XCConfigurationList section */
		1D6058960D05DD3E006BFB54 /* Build configuration list for PBXNativeTarget "TemplateProjectiPhone" */ = {
			isa = XCConfigurationList;
			buildConfigurations = (
				1D6058940D05DD3E006BFB54 /* Debug */,
				1D6058950D05DD3E006BFB54 /* Release */,
			);
			defaultConfigurationIsVisible = 0;
			defaultConfigurationName = Release;
		};
		C01FCF4E08A954540054247B /* Build configuration list for PBXProject "TemplateProjectiPhone" */ = {
			isa = XCConfigurationList;
			buildConfigurations = (
				C01FCF4F08A954540054247B /* Debug */,
				C01FCF5008A954540054247B /* Release */,
			);
			defaultConfigurationIsVisible = 0;
			defaultConfigurationName = Release;
		};
/* End XCConfigurationList section */
	};
	rootObject = 29B97313FDCFA39411CA2CEA /* Project object */;
}
